// !$*UTF8*$!
{
	archiveVersion = 1;
	classes = {
	};
	objectVersion = 55;
	objects = {

/* Begin PBXBuildFile section */
		0735C86CFDE30E20C9621D33 /* LoadResourcePresenter.swift in Sources */ = {isa = PBXBuildFile; fileRef = A239B145B579CC60BC3F2EF1 /* LoadResourcePresenter.swift */; };
		0866E195A17CFDAF73E02D65 /* ResourceErrorViewModel.swift in Sources */ = {isa = PBXBuildFile; fileRef = F4A1B23797E58DAB5E1010F6 /* ResourceErrorViewModel.swift */; };
		113F6FCF623AAB312B4722CC /* HTTPURLResponse+StatusCode.swift in Sources */ = {isa = PBXBuildFile; fileRef = 11CAD193BB1980A10809C6BA /* HTTPURLResponse+StatusCode.swift */; };
		13A0F8CBF98571DCCC16EBFE /* LocalFeedImageDataLoader.swift in Sources */ = {isa = PBXBuildFile; fileRef = 8E0AA7EF6231DAB421056059 /* LocalFeedImageDataLoader.swift */; };
		1476DA8E88E9930B47DBD498 /* CoreDataFeedStore.swift in Sources */ = {isa = PBXBuildFile; fileRef = 5A7D884B8D14DFF4127592EF /* CoreDataFeedStore.swift */; };
		1B535A84A010AA164C66BBF2 /* FeedItemsMapper.swift in Sources */ = {isa = PBXBuildFile; fileRef = D1C5FADE122A798640A57AAB /* FeedItemsMapper.swift */; };
		2945E08E31F70C38760AA6B9 /* LocalFeedLoader.swift in Sources */ = {isa = PBXBuildFile; fileRef = 9A631FED1AD8905D43EACE39 /* LocalFeedLoader.swift */; };
		327339FE08DC44AE7A96A564 /* FeedImageDataMapper.swift in Sources */ = {isa = PBXBuildFile; fileRef = 1FD4219D9DFBB33954BAE161 /* FeedImageDataMapper.swift */; };
		36D8DD7BBEECCC2DFD395CBF /* FeedEndpoint.swift in Sources */ = {isa = PBXBuildFile; fileRef = 5C3B6962AE8CCB5340BE074D /* FeedEndpoint.swift */; };
		3D222514FA7618C41F71C685 /* FeedImageDataLoader.swift in Sources */ = {isa = PBXBuildFile; fileRef = FC4B694C9D408334D6E25185 /* FeedImageDataLoader.swift */; };
		3DFF8F2F68ED0BEBB7F27A7C /* FeedStore.swift in Sources */ = {isa = PBXBuildFile; fileRef = 6E475D16C59139C550405E1F /* FeedStore.swift */; };
		4464864E02FB9EA900D5AED1 /* FeedImagePresenter.swift in Sources */ = {isa = PBXBuildFile; fileRef = A3D057E1071D1F98A77922D4 /* FeedImagePresenter.swift */; };
		481FA71BF451C86692C2D200 /* FeedImage.swift in Sources */ = {isa = PBXBuildFile; fileRef = 88AF16308E585AE42E1E2CF1 /* FeedImage.swift */; };
		4E271CDFC0AE1F27E8EC17E4 /* InMemoryFeedStore.swift in Sources */ = {isa = PBXBuildFile; fileRef = 80C800CC9D4FF37463EC7CD8 /* InMemoryFeedStore.swift */; };
		6083E465511D1344EFA99FA7 /* Shared.strings in Resources */ = {isa = PBXBuildFile; fileRef = E94963E1850AB5A75129DF69 /* Shared.strings */; };
		6BD46134CE40D96E018D1D74 /* Feed.strings in Resources */ = {isa = PBXBuildFile; fileRef = 25F2713F5A274AA782677CCF /* Feed.strings */; };
		6FCFFBA5246E1A97681D9034 /* URLSessionHTTPClient.swift in Sources */ = {isa = PBXBuildFile; fileRef = 901D03138A8AF85E15A5D235 /* URLSessionHTTPClient.swift */; };
		73BEA87BDBA05DEC6546A568 /* FeedImageDataStore.swift in Sources */ = {isa = PBXBuildFile; fileRef = 1A6920F37E19337D8725449F /* FeedImageDataStore.swift */; };
		824BEF8C6E2BAF387C74AC29 /* ImageComments.strings in Resources */ = {isa = PBXBuildFile; fileRef = EB63E3CA4D0C83D14D4207D1 /* ImageComments.strings */; };
		826C425F5E263CF6F0FE7CAE /* ManagedFeedImage.swift in Sources */ = {isa = PBXBuildFile; fileRef = B0797140C32C1857B94107EB /* ManagedFeedImage.swift */; };
		82AB092D43BB313B4E4425F1 /* CoreDataFeedStore+FeedStore.swift in Sources */ = {isa = PBXBuildFile; fileRef = 8EE4DAA1659D88A0433F9DD8 /* CoreDataFeedStore+FeedStore.swift */; };
		86AF524FAED3C87138316DDC /* ImageCommentsPresenter.swift in Sources */ = {isa = PBXBuildFile; fileRef = 22EDB0F573D69DABDCEB86E9 /* ImageCommentsPresenter.swift */; };
		8751B0415D23D3D7DF0E3B27 /* FeedCache.swift in Sources */ = {isa = PBXBuildFile; fileRef = C81DDE98F7B8F39CBDD5B76C /* FeedCache.swift */; };
		9506F76AE856A670CF92551D /* FeedCachePolicy.swift in Sources */ = {isa = PBXBuildFile; fileRef = 8D35B90A2E3FF66C07CC77CF /* FeedCachePolicy.swift */; };
		9B945001ABB10ACB2888C1F0 /* ResourceErrorView.swift in Sources */ = {isa = PBXBuildFile; fileRef = 65E8FCA2EFE956F0C3B60E62 /* ResourceErrorView.swift */; };
		9DA2B5951B5DB1111A0BAFFC /* TuistStrings+EssentialFeed.swift in Sources */ = {isa = PBXBuildFile; fileRef = 9E1EDC03454EE0DD3BA4C371 /* TuistStrings+EssentialFeed.swift */; };
		9E62EB8E13FA256A81133C2B /* FeedPresenter.swift in Sources */ = {isa = PBXBuildFile; fileRef = 4CF299FA8B8EBB6E04415B35 /* FeedPresenter.swift */; };
		A49C1ACFA96D7219111930D9 /* TuistBundle+EssentialFeed.swift in Sources */ = {isa = PBXBuildFile; fileRef = 6E9E940EA9468A34B344FEA7 /* TuistBundle+EssentialFeed.swift */; };
		A9A065450381C37A7A72E582 /* Paginated.swift in Sources */ = {isa = PBXBuildFile; fileRef = 8B75E0BECD968BDE2E29DEB0 /* Paginated.swift */; };
		AECC18E4A45260C065037C3B /* CoreDataHelpers.swift in Sources */ = {isa = PBXBuildFile; fileRef = 3F1C8CE47EAB19FD64DAC004 /* CoreDataHelpers.swift */; };
		B27376357AB2027FF71BB749 /* ImageComment.swift in Sources */ = {isa = PBXBuildFile; fileRef = CEB15D1795D5FA1BA55CE116 /* ImageComment.swift */; };
		B7D9B5E264093EC88A27EDDF /* ManagedCache.swift in Sources */ = {isa = PBXBuildFile; fileRef = 84B736984379DDDAA01ED1D3 /* ManagedCache.swift */; };
		C49B96A886C661E61DB4FADC /* CoreDataFeedStore+FeedImageDataStore.swift in Sources */ = {isa = PBXBuildFile; fileRef = 168BD8B05CF3963A88B8B7DC /* CoreDataFeedStore+FeedImageDataStore.swift */; };
		C4C559BCF86025A7873E2623 /* FeedImageDataCache.swift in Sources */ = {isa = PBXBuildFile; fileRef = D06602B7858058365D8E3C36 /* FeedImageDataCache.swift */; };
		CB7B65CF847DAEE8EC0EC0F1 /* ResourceLoadingView.swift in Sources */ = {isa = PBXBuildFile; fileRef = AF9EFD160E82CA9009F06435 /* ResourceLoadingView.swift */; };
		CF2A0A279A4937EE51DA1F15 /* FeedViewModel.swift in Sources */ = {isa = PBXBuildFile; fileRef = 0541E6F7C27920DB32D7054F /* FeedViewModel.swift */; };
		D1892D75C7B2F37A78108114 /* HTTPClient.swift in Sources */ = {isa = PBXBuildFile; fileRef = 4BB2DC3400F93F52A345225E /* HTTPClient.swift */; };
		D1989B51FA028BBF2FCE9DA1 /* LocalFeedImage.swift in Sources */ = {isa = PBXBuildFile; fileRef = F471800878EFCFAA6F19DED0 /* LocalFeedImage.swift */; };
		D951CCBF8636712E2D30D526 /* ResourceLoadingViewModel.swift in Sources */ = {isa = PBXBuildFile; fileRef = 044B3B8EBA811337A53F72D5 /* ResourceLoadingViewModel.swift */; };
		F0725C287C5F0622471A8A72 /* ImageCommentsMapper.swift in Sources */ = {isa = PBXBuildFile; fileRef = CEE04F2789851C8C97458BC9 /* ImageCommentsMapper.swift */; };
		F2721E908B703ABCF0D4517A /* FeedImageViewModel.swift in Sources */ = {isa = PBXBuildFile; fileRef = 6205B4C629A00CAA45DC0572 /* FeedImageViewModel.swift */; };
		FAA008AF89D0C01C74AEE8AE /* ImageCommentsEndpoint.swift in Sources */ = {isa = PBXBuildFile; fileRef = CCC10BD4419EF139775B7E4A /* ImageCommentsEndpoint.swift */; };
/* End PBXBuildFile section */

/* Begin PBXCopyFilesBuildPhase section */
		9C3D699ACDEDC61DCAF3B323 /* Embed Frameworks */ = {
			isa = PBXCopyFilesBuildPhase;
			buildActionMask = 2147483647;
			dstPath = "";
			dstSubfolderSpec = 10;
			files = (
			);
			name = "Embed Frameworks";
			runOnlyForDeploymentPostprocessing = 0;
		};
/* End PBXCopyFilesBuildPhase section */

/* Begin PBXFileReference section */
		044B3B8EBA811337A53F72D5 /* ResourceLoadingViewModel.swift */ = {isa = PBXFileReference; lastKnownFileType = sourcecode.swift; path = ResourceLoadingViewModel.swift; sourceTree = "<group>"; };
		0541E6F7C27920DB32D7054F /* FeedViewModel.swift */ = {isa = PBXFileReference; lastKnownFileType = sourcecode.swift; path = FeedViewModel.swift; sourceTree = "<group>"; };
		11CAD193BB1980A10809C6BA /* HTTPURLResponse+StatusCode.swift */ = {isa = PBXFileReference; lastKnownFileType = sourcecode.swift; path = "HTTPURLResponse+StatusCode.swift"; sourceTree = "<group>"; };
		168BD8B05CF3963A88B8B7DC /* CoreDataFeedStore+FeedImageDataStore.swift */ = {isa = PBXFileReference; lastKnownFileType = sourcecode.swift; path = "CoreDataFeedStore+FeedImageDataStore.swift"; sourceTree = "<group>"; };
		181ED994FF6A79E2FE9270B7 /* el */ = {isa = PBXFileReference; lastKnownFileType = text.plist.strings; name = el; path = el.lproj/Feed.strings; sourceTree = "<group>"; };
		19189A1057F9D26DEB195398 /* en */ = {isa = PBXFileReference; lastKnownFileType = text.plist.strings; name = en; path = en.lproj/ImageComments.strings; sourceTree = "<group>"; };
		1A6920F37E19337D8725449F /* FeedImageDataStore.swift */ = {isa = PBXFileReference; lastKnownFileType = sourcecode.swift; path = FeedImageDataStore.swift; sourceTree = "<group>"; };
		1FD4219D9DFBB33954BAE161 /* FeedImageDataMapper.swift */ = {isa = PBXFileReference; lastKnownFileType = sourcecode.swift; path = FeedImageDataMapper.swift; sourceTree = "<group>"; };
		22EDB0F573D69DABDCEB86E9 /* ImageCommentsPresenter.swift */ = {isa = PBXFileReference; lastKnownFileType = sourcecode.swift; path = ImageCommentsPresenter.swift; sourceTree = "<group>"; };
		3F1C8CE47EAB19FD64DAC004 /* CoreDataHelpers.swift */ = {isa = PBXFileReference; lastKnownFileType = sourcecode.swift; path = CoreDataHelpers.swift; sourceTree = "<group>"; };
		4160CD7BEC023EDF44C85D61 /* el */ = {isa = PBXFileReference; lastKnownFileType = text.plist.strings; name = el; path = el.lproj/Shared.strings; sourceTree = "<group>"; };
		4342960C82049FB8020DF815 /* en */ = {isa = PBXFileReference; lastKnownFileType = text.plist.strings; name = en; path = en.lproj/Shared.strings; sourceTree = "<group>"; };
		4BB2DC3400F93F52A345225E /* HTTPClient.swift */ = {isa = PBXFileReference; lastKnownFileType = sourcecode.swift; path = HTTPClient.swift; sourceTree = "<group>"; };
		4CF299FA8B8EBB6E04415B35 /* FeedPresenter.swift */ = {isa = PBXFileReference; lastKnownFileType = sourcecode.swift; path = FeedPresenter.swift; sourceTree = "<group>"; };
		54E52F564EB0FE8644E659BF /* EssentialFeed-Info.plist */ = {isa = PBXFileReference; lastKnownFileType = text.plist; path = "EssentialFeed-Info.plist"; sourceTree = "<group>"; };
		5A7D884B8D14DFF4127592EF /* CoreDataFeedStore.swift */ = {isa = PBXFileReference; lastKnownFileType = sourcecode.swift; path = CoreDataFeedStore.swift; sourceTree = "<group>"; };
		5C3B6962AE8CCB5340BE074D /* FeedEndpoint.swift */ = {isa = PBXFileReference; lastKnownFileType = sourcecode.swift; path = FeedEndpoint.swift; sourceTree = "<group>"; };
		6205B4C629A00CAA45DC0572 /* FeedImageViewModel.swift */ = {isa = PBXFileReference; lastKnownFileType = sourcecode.swift; path = FeedImageViewModel.swift; sourceTree = "<group>"; };
		65E8FCA2EFE956F0C3B60E62 /* ResourceErrorView.swift */ = {isa = PBXFileReference; lastKnownFileType = sourcecode.swift; path = ResourceErrorView.swift; sourceTree = "<group>"; };
		6E475D16C59139C550405E1F /* FeedStore.swift */ = {isa = PBXFileReference; lastKnownFileType = sourcecode.swift; path = FeedStore.swift; sourceTree = "<group>"; };
		6E9E940EA9468A34B344FEA7 /* TuistBundle+EssentialFeed.swift */ = {isa = PBXFileReference; lastKnownFileType = sourcecode.swift; path = "TuistBundle+EssentialFeed.swift"; sourceTree = "<group>"; };
		80C800CC9D4FF37463EC7CD8 /* InMemoryFeedStore.swift */ = {isa = PBXFileReference; lastKnownFileType = sourcecode.swift; path = InMemoryFeedStore.swift; sourceTree = "<group>"; };
		84B736984379DDDAA01ED1D3 /* ManagedCache.swift */ = {isa = PBXFileReference; lastKnownFileType = sourcecode.swift; path = ManagedCache.swift; sourceTree = "<group>"; };
		88AF16308E585AE42E1E2CF1 /* FeedImage.swift */ = {isa = PBXFileReference; lastKnownFileType = sourcecode.swift; path = FeedImage.swift; sourceTree = "<group>"; };
		8B75E0BECD968BDE2E29DEB0 /* Paginated.swift */ = {isa = PBXFileReference; lastKnownFileType = sourcecode.swift; path = Paginated.swift; sourceTree = "<group>"; };
		8D35B90A2E3FF66C07CC77CF /* FeedCachePolicy.swift */ = {isa = PBXFileReference; lastKnownFileType = sourcecode.swift; path = FeedCachePolicy.swift; sourceTree = "<group>"; };
		8E0AA7EF6231DAB421056059 /* LocalFeedImageDataLoader.swift */ = {isa = PBXFileReference; lastKnownFileType = sourcecode.swift; path = LocalFeedImageDataLoader.swift; sourceTree = "<group>"; };
		8EE4DAA1659D88A0433F9DD8 /* CoreDataFeedStore+FeedStore.swift */ = {isa = PBXFileReference; lastKnownFileType = sourcecode.swift; path = "CoreDataFeedStore+FeedStore.swift"; sourceTree = "<group>"; };
		901D03138A8AF85E15A5D235 /* URLSessionHTTPClient.swift */ = {isa = PBXFileReference; lastKnownFileType = sourcecode.swift; path = URLSessionHTTPClient.swift; sourceTree = "<group>"; };
		9A631FED1AD8905D43EACE39 /* LocalFeedLoader.swift */ = {isa = PBXFileReference; lastKnownFileType = sourcecode.swift; path = LocalFeedLoader.swift; sourceTree = "<group>"; };
		9E1EDC03454EE0DD3BA4C371 /* TuistStrings+EssentialFeed.swift */ = {isa = PBXFileReference; lastKnownFileType = sourcecode.swift; path = "TuistStrings+EssentialFeed.swift"; sourceTree = "<group>"; };
		A099A8C07924FCA88A95F1A4 /* en */ = {isa = PBXFileReference; lastKnownFileType = text.plist.strings; name = en; path = en.lproj/Feed.strings; sourceTree = "<group>"; };
		A0DAE985178A833037E4C661 /* EssentialFeed.framework */ = {isa = PBXFileReference; explicitFileType = wrapper.framework; includeInIndex = 0; path = EssentialFeed.framework; sourceTree = BUILT_PRODUCTS_DIR; };
		A239B145B579CC60BC3F2EF1 /* LoadResourcePresenter.swift */ = {isa = PBXFileReference; lastKnownFileType = sourcecode.swift; path = LoadResourcePresenter.swift; sourceTree = "<group>"; };
		A3D057E1071D1F98A77922D4 /* FeedImagePresenter.swift */ = {isa = PBXFileReference; lastKnownFileType = sourcecode.swift; path = FeedImagePresenter.swift; sourceTree = "<group>"; };
		A685202C12406E8782540EEF /* el */ = {isa = PBXFileReference; lastKnownFileType = text.plist.strings; name = el; path = el.lproj/ImageComments.strings; sourceTree = "<group>"; };
		A8FEC7E24C4928000BBD56B8 /* pt-BR */ = {isa = PBXFileReference; lastKnownFileType = text.plist.strings; name = "pt-BR"; path = "pt-BR.lproj/Feed.strings"; sourceTree = "<group>"; };
		AF9EFD160E82CA9009F06435 /* ResourceLoadingView.swift */ = {isa = PBXFileReference; lastKnownFileType = sourcecode.swift; path = ResourceLoadingView.swift; sourceTree = "<group>"; };
		B0797140C32C1857B94107EB /* ManagedFeedImage.swift */ = {isa = PBXFileReference; lastKnownFileType = sourcecode.swift; path = ManagedFeedImage.swift; sourceTree = "<group>"; };
		C81DDE98F7B8F39CBDD5B76C /* FeedCache.swift */ = {isa = PBXFileReference; lastKnownFileType = sourcecode.swift; path = FeedCache.swift; sourceTree = "<group>"; };
		CCC10BD4419EF139775B7E4A /* ImageCommentsEndpoint.swift */ = {isa = PBXFileReference; lastKnownFileType = sourcecode.swift; path = ImageCommentsEndpoint.swift; sourceTree = "<group>"; };
		CEB15D1795D5FA1BA55CE116 /* ImageComment.swift */ = {isa = PBXFileReference; lastKnownFileType = sourcecode.swift; path = ImageComment.swift; sourceTree = "<group>"; };
		CEE04F2789851C8C97458BC9 /* ImageCommentsMapper.swift */ = {isa = PBXFileReference; lastKnownFileType = sourcecode.swift; path = ImageCommentsMapper.swift; sourceTree = "<group>"; };
		D06602B7858058365D8E3C36 /* FeedImageDataCache.swift */ = {isa = PBXFileReference; lastKnownFileType = sourcecode.swift; path = FeedImageDataCache.swift; sourceTree = "<group>"; };
		D1C5FADE122A798640A57AAB /* FeedItemsMapper.swift */ = {isa = PBXFileReference; lastKnownFileType = sourcecode.swift; path = FeedItemsMapper.swift; sourceTree = "<group>"; };
		D9E22995641F198D131D43E4 /* pt-BR */ = {isa = PBXFileReference; lastKnownFileType = text.plist.strings; name = "pt-BR"; path = "pt-BR.lproj/Shared.strings"; sourceTree = "<group>"; };
		E70CAD3666AFFB6C54555859 /* pt-BR */ = {isa = PBXFileReference; lastKnownFileType = text.plist.strings; name = "pt-BR"; path = "pt-BR.lproj/ImageComments.strings"; sourceTree = "<group>"; };
		F471800878EFCFAA6F19DED0 /* LocalFeedImage.swift */ = {isa = PBXFileReference; lastKnownFileType = sourcecode.swift; path = LocalFeedImage.swift; sourceTree = "<group>"; };
		F4A1B23797E58DAB5E1010F6 /* ResourceErrorViewModel.swift */ = {isa = PBXFileReference; lastKnownFileType = sourcecode.swift; path = ResourceErrorViewModel.swift; sourceTree = "<group>"; };
		FC4B694C9D408334D6E25185 /* FeedImageDataLoader.swift */ = {isa = PBXFileReference; lastKnownFileType = sourcecode.swift; path = FeedImageDataLoader.swift; sourceTree = "<group>"; };
/* End PBXFileReference section */

/* Begin PBXFrameworksBuildPhase section */
		BC57148134EBF3570BD0D1BA /* Frameworks */ = {
			isa = PBXFrameworksBuildPhase;
			buildActionMask = 2147483647;
			files = (
			);
			runOnlyForDeploymentPostprocessing = 0;
		};
/* End PBXFrameworksBuildPhase section */

/* Begin PBXGroup section */
		0162AC2AFBA9E9722F8A9FF4 /* CoreData */ = {
			isa = PBXGroup;
			children = (
				5A7D884B8D14DFF4127592EF /* CoreDataFeedStore.swift */,
				168BD8B05CF3963A88B8B7DC /* CoreDataFeedStore+FeedImageDataStore.swift */,
				8EE4DAA1659D88A0433F9DD8 /* CoreDataFeedStore+FeedStore.swift */,
				3F1C8CE47EAB19FD64DAC004 /* CoreDataHelpers.swift */,
				84B736984379DDDAA01ED1D3 /* ManagedCache.swift */,
				B0797140C32C1857B94107EB /* ManagedFeedImage.swift */,
			);
			path = CoreData;
			sourceTree = "<group>";
		};
		1D91A497AEC186C29E4DA25E /* FeedAPI */ = {
			isa = PBXGroup;
			children = (
				6C3CAE4E4DAC2402832C8222 /* Helpers */,
				5C3B6962AE8CCB5340BE074D /* FeedEndpoint.swift */,
				1FD4219D9DFBB33954BAE161 /* FeedImageDataMapper.swift */,
				D1C5FADE122A798640A57AAB /* FeedItemsMapper.swift */,
			);
			path = FeedAPI;
			sourceTree = "<group>";
		};
		3AF3B5BC3D01B80BD3B61BD8 /* EssentialFeed */ = {
			isa = PBXGroup;
			children = (
				1D91A497AEC186C29E4DA25E /* FeedAPI */,
				FC2A41B1BC6279088BE8249F /* FeedCache */,
				E87DD6E901E4606A960547FD /* FeedFeature */,
				459E6B6BE12D00ECFB14A1DD /* FeedPresentation */,
				634D23C63A4CE9F697B37545 /* ImageCommentsAPI */,
				D884FFF9BA6442A0D4520858 /* ImageCommentsFeature */,
				43C359FD35DF923CB49DD0F3 /* ImageCommentsPresentation */,
				984C27596FE8F9D76955D709 /* SharedAPI */,
				BDADC04FC7426B67943E0E3B /* SharedAPIInfra */,
				8AAEA2FF5FC6764CAE30CAE9 /* SharedPresentation */,
			);
			path = EssentialFeed;
			sourceTree = "<group>";
		};
		43C359FD35DF923CB49DD0F3 /* ImageCommentsPresentation */ = {
			isa = PBXGroup;
			children = (
				22EDB0F573D69DABDCEB86E9 /* ImageCommentsPresenter.swift */,
			);
			path = ImageCommentsPresentation;
			sourceTree = "<group>";
		};
		459E6B6BE12D00ECFB14A1DD /* FeedPresentation */ = {
			isa = PBXGroup;
			children = (
				A3D057E1071D1F98A77922D4 /* FeedImagePresenter.swift */,
				6205B4C629A00CAA45DC0572 /* FeedImageViewModel.swift */,
				4CF299FA8B8EBB6E04415B35 /* FeedPresenter.swift */,
				0541E6F7C27920DB32D7054F /* FeedViewModel.swift */,
			);
			path = FeedPresentation;
			sourceTree = "<group>";
		};
		4C87A6184D369C23B15725E5 /* EssentialFeed */ = {
			isa = PBXGroup;
			children = (
				25F2713F5A274AA782677CCF /* Feed.strings */,
				EB63E3CA4D0C83D14D4207D1 /* ImageComments.strings */,
				E94963E1850AB5A75129DF69 /* Shared.strings */,
			);
			path = EssentialFeed;
			sourceTree = "<group>";
		};
		60C091C119EC30CD09D4422F /* Products */ = {
			isa = PBXGroup;
			children = (
				A0DAE985178A833037E4C661 /* EssentialFeed.framework */,
			);
			name = Products;
			sourceTree = "<group>";
		};
		634D23C63A4CE9F697B37545 /* ImageCommentsAPI */ = {
			isa = PBXGroup;
			children = (
				CCC10BD4419EF139775B7E4A /* ImageCommentsEndpoint.swift */,
				CEE04F2789851C8C97458BC9 /* ImageCommentsMapper.swift */,
			);
			path = ImageCommentsAPI;
			sourceTree = "<group>";
		};
		683A4E84FE757E5BB641EB17 /* Infrastructure */ = {
			isa = PBXGroup;
			children = (
				0162AC2AFBA9E9722F8A9FF4 /* CoreData */,
				DF11E91826E78BF1A1D1E9FF /* InMemory */,
			);
			path = Infrastructure;
			sourceTree = "<group>";
		};
		6C3CAE4E4DAC2402832C8222 /* Helpers */ = {
			isa = PBXGroup;
			children = (
				11CAD193BB1980A10809C6BA /* HTTPURLResponse+StatusCode.swift */,
			);
			path = Helpers;
			sourceTree = "<group>";
		};
		7249D9DBC1B5DBB9A5953BF9 /* InfoPlists */ = {
			isa = PBXGroup;
			children = (
				54E52F564EB0FE8644E659BF /* EssentialFeed-Info.plist */,
			);
			path = InfoPlists;
			sourceTree = "<group>";
		};
		7C6BE2136EF54CDD8636D422 = {
			isa = PBXGroup;
			children = (
				A5A46A236E797FBF8B5E4E56 /* Project */,
				60C091C119EC30CD09D4422F /* Products */,
			);
			sourceTree = "<group>";
		};
		7FB1A441CFFF8938E792AB3E /* Derived */ = {
			isa = PBXGroup;
			children = (
				7249D9DBC1B5DBB9A5953BF9 /* InfoPlists */,
				A7EF31820091FA77C68F6FB5 /* Sources */,
			);
			path = Derived;
			sourceTree = "<group>";
		};
		898BB2A72586475806EF3C0F /* Resources */ = {
			isa = PBXGroup;
			children = (
				4C87A6184D369C23B15725E5 /* EssentialFeed */,
			);
			path = Resources;
			sourceTree = "<group>";
		};
		8AAEA2FF5FC6764CAE30CAE9 /* SharedPresentation */ = {
			isa = PBXGroup;
			children = (
				A239B145B579CC60BC3F2EF1 /* LoadResourcePresenter.swift */,
				65E8FCA2EFE956F0C3B60E62 /* ResourceErrorView.swift */,
				F4A1B23797E58DAB5E1010F6 /* ResourceErrorViewModel.swift */,
				AF9EFD160E82CA9009F06435 /* ResourceLoadingView.swift */,
				044B3B8EBA811337A53F72D5 /* ResourceLoadingViewModel.swift */,
			);
			path = SharedPresentation;
			sourceTree = "<group>";
		};
		984C27596FE8F9D76955D709 /* SharedAPI */ = {
			isa = PBXGroup;
			children = (
				4BB2DC3400F93F52A345225E /* HTTPClient.swift */,
				8B75E0BECD968BDE2E29DEB0 /* Paginated.swift */,
			);
			path = SharedAPI;
			sourceTree = "<group>";
		};
		A5A46A236E797FBF8B5E4E56 /* Project */ = {
			isa = PBXGroup;
			children = (
				7FB1A441CFFF8938E792AB3E /* Derived */,
				898BB2A72586475806EF3C0F /* Resources */,
				F37A6F6787FB80CFA3E61413 /* Sources */,
			);
			name = Project;
			sourceTree = "<group>";
		};
		A7EF31820091FA77C68F6FB5 /* Sources */ = {
			isa = PBXGroup;
			children = (
				6E9E940EA9468A34B344FEA7 /* TuistBundle+EssentialFeed.swift */,
				9E1EDC03454EE0DD3BA4C371 /* TuistStrings+EssentialFeed.swift */,
			);
			path = Sources;
			sourceTree = "<group>";
		};
		BDADC04FC7426B67943E0E3B /* SharedAPIInfra */ = {
			isa = PBXGroup;
			children = (
				901D03138A8AF85E15A5D235 /* URLSessionHTTPClient.swift */,
			);
			path = SharedAPIInfra;
			sourceTree = "<group>";
		};
		D884FFF9BA6442A0D4520858 /* ImageCommentsFeature */ = {
			isa = PBXGroup;
			children = (
				CEB15D1795D5FA1BA55CE116 /* ImageComment.swift */,
			);
			path = ImageCommentsFeature;
			sourceTree = "<group>";
		};
		DF11E91826E78BF1A1D1E9FF /* InMemory */ = {
			isa = PBXGroup;
			children = (
				80C800CC9D4FF37463EC7CD8 /* InMemoryFeedStore.swift */,
			);
			path = InMemory;
			sourceTree = "<group>";
		};
		E87DD6E901E4606A960547FD /* FeedFeature */ = {
			isa = PBXGroup;
			children = (
				C81DDE98F7B8F39CBDD5B76C /* FeedCache.swift */,
				88AF16308E585AE42E1E2CF1 /* FeedImage.swift */,
				D06602B7858058365D8E3C36 /* FeedImageDataCache.swift */,
				FC4B694C9D408334D6E25185 /* FeedImageDataLoader.swift */,
			);
			path = FeedFeature;
			sourceTree = "<group>";
		};
		F37A6F6787FB80CFA3E61413 /* Sources */ = {
			isa = PBXGroup;
			children = (
				3AF3B5BC3D01B80BD3B61BD8 /* EssentialFeed */,
			);
			path = Sources;
			sourceTree = "<group>";
		};
		FC2A41B1BC6279088BE8249F /* FeedCache */ = {
			isa = PBXGroup;
			children = (
				683A4E84FE757E5BB641EB17 /* Infrastructure */,
				8D35B90A2E3FF66C07CC77CF /* FeedCachePolicy.swift */,
				1A6920F37E19337D8725449F /* FeedImageDataStore.swift */,
				6E475D16C59139C550405E1F /* FeedStore.swift */,
				F471800878EFCFAA6F19DED0 /* LocalFeedImage.swift */,
				8E0AA7EF6231DAB421056059 /* LocalFeedImageDataLoader.swift */,
				9A631FED1AD8905D43EACE39 /* LocalFeedLoader.swift */,
			);
			path = FeedCache;
			sourceTree = "<group>";
		};
/* End PBXGroup section */

/* Begin PBXNativeTarget section */
		99A3940170413F7FE89449DE /* EssentialFeed */ = {
			isa = PBXNativeTarget;
			buildConfigurationList = B463EEF38E07268A3A1A36DB /* Build configuration list for PBXNativeTarget "EssentialFeed" */;
			buildPhases = (
				B684ED58C74E55BDC8D23289 /* Sources */,
				2ACC1DABEC2110AB5ADAAA45 /* Resources */,
				9C3D699ACDEDC61DCAF3B323 /* Embed Frameworks */,
				BC57148134EBF3570BD0D1BA /* Frameworks */,
			);
			buildRules = (
			);
			dependencies = (
			);
			name = EssentialFeed;
			productName = EssentialFeed;
			productReference = A0DAE985178A833037E4C661 /* EssentialFeed.framework */;
			productType = "com.apple.product-type.framework";
		};
/* End PBXNativeTarget section */

/* Begin PBXProject section */
		C8A66836E32E023374EEC523 /* Project object */ = {
			isa = PBXProject;
			attributes = {
				BuildIndependentTargetsInParallel = YES;
				TargetAttributes = {
				};
			};
			buildConfigurationList = 467550CAB60A570ABE194FF1 /* Build configuration list for PBXProject "EssentialFeed" */;
			compatibilityVersion = "Xcode 14.0";
			developmentRegion = en;
			hasScannedForEncodings = 0;
			knownRegions = (
				Base,
				el,
				en,
				"pt-BR",
			);
			mainGroup = 7C6BE2136EF54CDD8636D422;
			productRefGroup = 60C091C119EC30CD09D4422F /* Products */;
			projectDirPath = "";
			projectRoot = "";
			targets = (
				99A3940170413F7FE89449DE /* EssentialFeed */,
			);
		};
/* End PBXProject section */

/* Begin PBXResourcesBuildPhase section */
		2ACC1DABEC2110AB5ADAAA45 /* Resources */ = {
			isa = PBXResourcesBuildPhase;
			buildActionMask = 2147483647;
			files = (
				6BD46134CE40D96E018D1D74 /* Feed.strings in Resources */,
				824BEF8C6E2BAF387C74AC29 /* ImageComments.strings in Resources */,
				6083E465511D1344EFA99FA7 /* Shared.strings in Resources */,
			);
			runOnlyForDeploymentPostprocessing = 0;
		};
/* End PBXResourcesBuildPhase section */

/* Begin PBXSourcesBuildPhase section */
		B684ED58C74E55BDC8D23289 /* Sources */ = {
			isa = PBXSourcesBuildPhase;
			buildActionMask = 2147483647;
			files = (
				A49C1ACFA96D7219111930D9 /* TuistBundle+EssentialFeed.swift in Sources */,
				9DA2B5951B5DB1111A0BAFFC /* TuistStrings+EssentialFeed.swift in Sources */,
				36D8DD7BBEECCC2DFD395CBF /* FeedEndpoint.swift in Sources */,
				327339FE08DC44AE7A96A564 /* FeedImageDataMapper.swift in Sources */,
				1B535A84A010AA164C66BBF2 /* FeedItemsMapper.swift in Sources */,
				113F6FCF623AAB312B4722CC /* HTTPURLResponse+StatusCode.swift in Sources */,
				9506F76AE856A670CF92551D /* FeedCachePolicy.swift in Sources */,
				73BEA87BDBA05DEC6546A568 /* FeedImageDataStore.swift in Sources */,
				3DFF8F2F68ED0BEBB7F27A7C /* FeedStore.swift in Sources */,
				C49B96A886C661E61DB4FADC /* CoreDataFeedStore+FeedImageDataStore.swift in Sources */,
				82AB092D43BB313B4E4425F1 /* CoreDataFeedStore+FeedStore.swift in Sources */,
				1476DA8E88E9930B47DBD498 /* CoreDataFeedStore.swift in Sources */,
				AECC18E4A45260C065037C3B /* CoreDataHelpers.swift in Sources */,
				B7D9B5E264093EC88A27EDDF /* ManagedCache.swift in Sources */,
				826C425F5E263CF6F0FE7CAE /* ManagedFeedImage.swift in Sources */,
				4E271CDFC0AE1F27E8EC17E4 /* InMemoryFeedStore.swift in Sources */,
				D1989B51FA028BBF2FCE9DA1 /* LocalFeedImage.swift in Sources */,
				13A0F8CBF98571DCCC16EBFE /* LocalFeedImageDataLoader.swift in Sources */,
				2945E08E31F70C38760AA6B9 /* LocalFeedLoader.swift in Sources */,
				8751B0415D23D3D7DF0E3B27 /* FeedCache.swift in Sources */,
				481FA71BF451C86692C2D200 /* FeedImage.swift in Sources */,
				C4C559BCF86025A7873E2623 /* FeedImageDataCache.swift in Sources */,
				3D222514FA7618C41F71C685 /* FeedImageDataLoader.swift in Sources */,
				4464864E02FB9EA900D5AED1 /* FeedImagePresenter.swift in Sources */,
				F2721E908B703ABCF0D4517A /* FeedImageViewModel.swift in Sources */,
				9E62EB8E13FA256A81133C2B /* FeedPresenter.swift in Sources */,
				CF2A0A279A4937EE51DA1F15 /* FeedViewModel.swift in Sources */,
				FAA008AF89D0C01C74AEE8AE /* ImageCommentsEndpoint.swift in Sources */,
				F0725C287C5F0622471A8A72 /* ImageCommentsMapper.swift in Sources */,
				B27376357AB2027FF71BB749 /* ImageComment.swift in Sources */,
				86AF524FAED3C87138316DDC /* ImageCommentsPresenter.swift in Sources */,
				D1892D75C7B2F37A78108114 /* HTTPClient.swift in Sources */,
				A9A065450381C37A7A72E582 /* Paginated.swift in Sources */,
				6FCFFBA5246E1A97681D9034 /* URLSessionHTTPClient.swift in Sources */,
				0735C86CFDE30E20C9621D33 /* LoadResourcePresenter.swift in Sources */,
				9B945001ABB10ACB2888C1F0 /* ResourceErrorView.swift in Sources */,
				0866E195A17CFDAF73E02D65 /* ResourceErrorViewModel.swift in Sources */,
				CB7B65CF847DAEE8EC0EC0F1 /* ResourceLoadingView.swift in Sources */,
				D951CCBF8636712E2D30D526 /* ResourceLoadingViewModel.swift in Sources */,
			);
			runOnlyForDeploymentPostprocessing = 0;
		};
/* End PBXSourcesBuildPhase section */

/* Begin PBXVariantGroup section */
		25F2713F5A274AA782677CCF /* Feed.strings */ = {
			isa = PBXVariantGroup;
			children = (
				181ED994FF6A79E2FE9270B7 /* el */,
				A099A8C07924FCA88A95F1A4 /* en */,
				A8FEC7E24C4928000BBD56B8 /* pt-BR */,
			);
			name = Feed.strings;
			sourceTree = "<group>";
		};
		E94963E1850AB5A75129DF69 /* Shared.strings */ = {
			isa = PBXVariantGroup;
			children = (
				4160CD7BEC023EDF44C85D61 /* el */,
				4342960C82049FB8020DF815 /* en */,
				D9E22995641F198D131D43E4 /* pt-BR */,
			);
			name = Shared.strings;
			sourceTree = "<group>";
		};
		EB63E3CA4D0C83D14D4207D1 /* ImageComments.strings */ = {
			isa = PBXVariantGroup;
			children = (
				A685202C12406E8782540EEF /* el */,
				19189A1057F9D26DEB195398 /* en */,
				E70CAD3666AFFB6C54555859 /* pt-BR */,
			);
			name = ImageComments.strings;
			sourceTree = "<group>";
		};
/* End PBXVariantGroup section */

/* Begin XCBuildConfiguration section */
		2BF2CCD0705F055B7D9A0202 /* Debug */ = {
			isa = XCBuildConfiguration;
			buildSettings = {
				CURRENT_PROJECT_VERSION = 1;
				DEFINES_MODULE = YES;
				DYLIB_COMPATIBILITY_VERSION = 1;
				DYLIB_CURRENT_VERSION = 1;
				DYLIB_INSTALL_NAME_BASE = "@rpath";
				INFOPLIST_FILE = "Derived/InfoPlists/EssentialFeed-Info.plist";
				INSTALL_PATH = "$(LOCAL_LIBRARY_DIR)/Frameworks";
				LD_RUNPATH_SEARCH_PATHS = (
					"$(inherited)",
					"@executable_path/Frameworks",
					"@loader_path/Frameworks",
				);
				"LD_RUNPATH_SEARCH_PATHS[sdk=macosx*]" = (
					"$(inherited)",
					"@executable_path/../Frameworks",
					"@loader_path/../Frameworks",
				);
				PRODUCT_BUNDLE_IDENTIFIER = de.finnebeling.EssentialFeed;
				PRODUCT_NAME = EssentialFeed;
				SDKROOT = auto;
				SKIP_INSTALL = YES;
				SUPPORTED_PLATFORMS = "iphoneos iphonesimulator macosx";
				SUPPORTS_MACCATALYST = NO;
				SUPPORTS_MAC_DESIGNED_FOR_IPHONE_IPAD = NO;
				SUPPORTS_XR_DESIGNED_FOR_IPHONE_IPAD = NO;
				SWIFT_ACTIVE_COMPILATION_CONDITIONS = (
					"$(inherited)",
					DEBUG,
				);
				SWIFT_COMPILATION_MODE = singlefile;
				SWIFT_OPTIMIZATION_LEVEL = "-Onone";
				SWIFT_VERSION = 5.0;
				TARGETED_DEVICE_FAMILY = 1;
				VERSIONING_SYSTEM = "apple-generic";
				VERSION_INFO_PREFIX = "";
			};
			name = Debug;
		};
		5509998B72A84280CC9DFE44 /* Debug */ = {
			isa = XCBuildConfiguration;
			buildSettings = {
				ALWAYS_SEARCH_USER_PATHS = NO;
				CLANG_ANALYZER_LOCALIZABILITY_NONLOCALIZED = YES;
				CLANG_ANALYZER_NONNULL = YES;
				CLANG_ANALYZER_NUMBER_OBJECT_CONVERSION = YES_AGGRESSIVE;
				CLANG_CXX_LANGUAGE_STANDARD = "gnu++14";
				CLANG_CXX_LIBRARY = "libc++";
				CLANG_ENABLE_MODULES = YES;
				CLANG_ENABLE_OBJC_ARC = YES;
				CLANG_ENABLE_OBJC_WEAK = YES;
				CLANG_WARN_BLOCK_CAPTURE_AUTORELEASING = YES;
				CLANG_WARN_BOOL_CONVERSION = YES;
				CLANG_WARN_COMMA = YES;
				CLANG_WARN_CONSTANT_CONVERSION = YES;
				CLANG_WARN_DEPRECATED_OBJC_IMPLEMENTATIONS = YES;
				CLANG_WARN_DIRECT_OBJC_ISA_USAGE = YES_ERROR;
				CLANG_WARN_DOCUMENTATION_COMMENTS = YES;
				CLANG_WARN_EMPTY_BODY = YES;
				CLANG_WARN_ENUM_CONVERSION = YES;
				CLANG_WARN_INFINITE_RECURSION = YES;
				CLANG_WARN_INT_CONVERSION = YES;
				CLANG_WARN_NON_LITERAL_NULL_CONVERSION = YES;
				CLANG_WARN_OBJC_IMPLICIT_RETAIN_SELF = YES;
				CLANG_WARN_OBJC_LITERAL_CONVERSION = YES;
				CLANG_WARN_OBJC_ROOT_CLASS = YES_ERROR;
				CLANG_WARN_QUOTED_INCLUDE_IN_FRAMEWORK_HEADER = YES;
				CLANG_WARN_RANGE_LOOP_ANALYSIS = YES;
				CLANG_WARN_STRICT_PROTOTYPES = YES;
				CLANG_WARN_SUSPICIOUS_MOVE = YES;
				CLANG_WARN_UNGUARDED_AVAILABILITY = YES_AGGRESSIVE;
				CLANG_WARN_UNREACHABLE_CODE = YES;
				CLANG_WARN__DUPLICATE_METHOD_MATCH = YES;
				COPY_PHASE_STRIP = NO;
				DEAD_CODE_STRIPPING = YES;
				DEBUG_INFORMATION_FORMAT = dwarf;
				ENABLE_STRICT_OBJC_MSGSEND = YES;
				ENABLE_TESTABILITY = YES;
				GCC_C_LANGUAGE_STANDARD = gnu11;
				GCC_DYNAMIC_NO_PIC = NO;
				GCC_NO_COMMON_BLOCKS = YES;
				GCC_OPTIMIZATION_LEVEL = 0;
				GCC_PREPROCESSOR_DEFINITIONS = (
					"DEBUG=1",
					"$(inherited)",
				);
				GCC_WARN_64_TO_32_BIT_CONVERSION = YES;
				GCC_WARN_ABOUT_RETURN_TYPE = YES_ERROR;
				GCC_WARN_UNDECLARED_SELECTOR = YES;
				GCC_WARN_UNINITIALIZED_AUTOS = YES_AGGRESSIVE;
				GCC_WARN_UNUSED_FUNCTION = YES;
				GCC_WARN_UNUSED_VARIABLE = YES;
				MTL_ENABLE_DEBUG_INFO = YES;
				ONLY_ACTIVE_ARCH = YES;
				PRODUCT_NAME = "$(TARGET_NAME)";
			};
			name = Debug;
		};
		9D025E61E7B3E65010DAC237 /* Release */ = {
			isa = XCBuildConfiguration;
			buildSettings = {
				CURRENT_PROJECT_VERSION = 1;
				DEFINES_MODULE = YES;
				DYLIB_COMPATIBILITY_VERSION = 1;
				DYLIB_CURRENT_VERSION = 1;
				DYLIB_INSTALL_NAME_BASE = "@rpath";
				INFOPLIST_FILE = "Derived/InfoPlists/EssentialFeed-Info.plist";
				INSTALL_PATH = "$(LOCAL_LIBRARY_DIR)/Frameworks";
				LD_RUNPATH_SEARCH_PATHS = (
					"$(inherited)",
					"@executable_path/Frameworks",
					"@loader_path/Frameworks",
				);
				"LD_RUNPATH_SEARCH_PATHS[sdk=macosx*]" = (
					"$(inherited)",
					"@executable_path/../Frameworks",
					"@loader_path/../Frameworks",
				);
				PRODUCT_BUNDLE_IDENTIFIER = de.finnebeling.EssentialFeed;
				PRODUCT_NAME = EssentialFeed;
				SDKROOT = auto;
				SKIP_INSTALL = YES;
				SUPPORTED_PLATFORMS = "iphoneos iphonesimulator macosx";
				SUPPORTS_MACCATALYST = NO;
				SUPPORTS_MAC_DESIGNED_FOR_IPHONE_IPAD = NO;
				SUPPORTS_XR_DESIGNED_FOR_IPHONE_IPAD = NO;
				SWIFT_COMPILATION_MODE = wholemodule;
				SWIFT_OPTIMIZATION_LEVEL = "-Owholemodule";
				SWIFT_VERSION = 5.0;
				TARGETED_DEVICE_FAMILY = 1;
				VERSIONING_SYSTEM = "apple-generic";
				VERSION_INFO_PREFIX = "";
			};
			name = Release;
		};
		FFC0EC92E45DDA7D504B3752 /* Release */ = {
			isa = XCBuildConfiguration;
			buildSettings = {
				ALWAYS_SEARCH_USER_PATHS = NO;
				CLANG_ANALYZER_LOCALIZABILITY_NONLOCALIZED = YES;
				CLANG_ANALYZER_NONNULL = YES;
				CLANG_ANALYZER_NUMBER_OBJECT_CONVERSION = YES_AGGRESSIVE;
				CLANG_CXX_LANGUAGE_STANDARD = "gnu++14";
				CLANG_CXX_LIBRARY = "libc++";
				CLANG_ENABLE_MODULES = YES;
				CLANG_ENABLE_OBJC_ARC = YES;
				CLANG_ENABLE_OBJC_WEAK = YES;
				CLANG_WARN_BLOCK_CAPTURE_AUTORELEASING = YES;
				CLANG_WARN_BOOL_CONVERSION = YES;
				CLANG_WARN_COMMA = YES;
				CLANG_WARN_CONSTANT_CONVERSION = YES;
				CLANG_WARN_DEPRECATED_OBJC_IMPLEMENTATIONS = YES;
				CLANG_WARN_DIRECT_OBJC_ISA_USAGE = YES_ERROR;
				CLANG_WARN_DOCUMENTATION_COMMENTS = YES;
				CLANG_WARN_EMPTY_BODY = YES;
				CLANG_WARN_ENUM_CONVERSION = YES;
				CLANG_WARN_INFINITE_RECURSION = YES;
				CLANG_WARN_INT_CONVERSION = YES;
				CLANG_WARN_NON_LITERAL_NULL_CONVERSION = YES;
				CLANG_WARN_OBJC_IMPLICIT_RETAIN_SELF = YES;
				CLANG_WARN_OBJC_LITERAL_CONVERSION = YES;
				CLANG_WARN_OBJC_ROOT_CLASS = YES_ERROR;
				CLANG_WARN_QUOTED_INCLUDE_IN_FRAMEWORK_HEADER = YES;
				CLANG_WARN_RANGE_LOOP_ANALYSIS = YES;
				CLANG_WARN_STRICT_PROTOTYPES = YES;
				CLANG_WARN_SUSPICIOUS_MOVE = YES;
				CLANG_WARN_UNGUARDED_AVAILABILITY = YES_AGGRESSIVE;
				CLANG_WARN_UNREACHABLE_CODE = YES;
				CLANG_WARN__DUPLICATE_METHOD_MATCH = YES;
				COPY_PHASE_STRIP = NO;
				DEAD_CODE_STRIPPING = YES;
				DEBUG_INFORMATION_FORMAT = "dwarf-with-dsym";
				ENABLE_NS_ASSERTIONS = NO;
				ENABLE_STRICT_OBJC_MSGSEND = YES;
				GCC_C_LANGUAGE_STANDARD = gnu11;
				GCC_NO_COMMON_BLOCKS = YES;
				GCC_WARN_64_TO_32_BIT_CONVERSION = YES;
				GCC_WARN_ABOUT_RETURN_TYPE = YES_ERROR;
				GCC_WARN_UNDECLARED_SELECTOR = YES;
				GCC_WARN_UNINITIALIZED_AUTOS = YES_AGGRESSIVE;
				GCC_WARN_UNUSED_FUNCTION = YES;
				GCC_WARN_UNUSED_VARIABLE = YES;
				MTL_ENABLE_DEBUG_INFO = NO;
				PRODUCT_NAME = "$(TARGET_NAME)";
				VALIDATE_PRODUCT = YES;
			};
			name = Release;
		};
/* End XCBuildConfiguration section */

/* Begin XCConfigurationList section */
		467550CAB60A570ABE194FF1 /* Build configuration list for PBXProject "EssentialFeed" */ = {
			isa = XCConfigurationList;
			buildConfigurations = (
				5509998B72A84280CC9DFE44 /* Debug */,
				FFC0EC92E45DDA7D504B3752 /* Release */,
			);
			defaultConfigurationIsVisible = 0;
			defaultConfigurationName = Release;
		};
		B463EEF38E07268A3A1A36DB /* Build configuration list for PBXNativeTarget "EssentialFeed" */ = {
			isa = XCConfigurationList;
			buildConfigurations = (
				2BF2CCD0705F055B7D9A0202 /* Debug */,
				9D025E61E7B3E65010DAC237 /* Release */,
			);
			defaultConfigurationIsVisible = 0;
			defaultConfigurationName = Release;
		};
/* End XCConfigurationList section */
	};
	rootObject = C8A66836E32E023374EEC523 /* Project object */;
}
