// !$*UTF8*$!
{
	archiveVersion = 1;
	classes = {
	};
	objectVersion = 56;
	objects = {

/* Begin PBXBuildFile section */
		E832B02F2B6F8DDC00329DD5 /* RemoteFeedLoader.swift in Sources */ = {isa = PBXBuildFile; fileRef = E832B02E2B6F8DDC00329DD5 /* RemoteFeedLoader.swift */; };
		E84335C92B74D4530079DC9C /* XCTestCase+MemoryLeakTracking.swift in Sources */ = {isa = PBXBuildFile; fileRef = E896BB132B73D31300197288 /* XCTestCase+MemoryLeakTracking.swift */; };
		E87BB5BD2B71633800AE86B8 /* HTTPClient.swift in Sources */ = {isa = PBXBuildFile; fileRef = E87BB5BC2B71633800AE86B8 /* HTTPClient.swift */; };
		E87BB5BF2B71642E00AE86B8 /* FeedItemsMapper.swift in Sources */ = {isa = PBXBuildFile; fileRef = E87BB5BE2B71642E00AE86B8 /* FeedItemsMapper.swift */; };
		E8890B382B74CD8A00637D1A /* EssentialFeedAPIEndToEndTests.swift in Sources */ = {isa = PBXBuildFile; fileRef = E8890B372B74CD8A00637D1A /* EssentialFeedAPIEndToEndTests.swift */; };
		E8890B392B74CD8A00637D1A /* EssentialFeed.framework in Frameworks */ = {isa = PBXBuildFile; fileRef = E8B1E08F2B6EC3C00059573E /* EssentialFeed.framework */; };
		E896BB112B73736B00197288 /* URLSessionHTTPClientTests.swift in Sources */ = {isa = PBXBuildFile; fileRef = E896BB102B73736B00197288 /* URLSessionHTTPClientTests.swift */; };
		E896BB142B73D31300197288 /* XCTestCase+MemoryLeakTracking.swift in Sources */ = {isa = PBXBuildFile; fileRef = E896BB132B73D31300197288 /* XCTestCase+MemoryLeakTracking.swift */; };
		E896BB162B73E90000197288 /* URLSessionHTTPClient.swift in Sources */ = {isa = PBXBuildFile; fileRef = E896BB152B73E90000197288 /* URLSessionHTTPClient.swift */; };
		E8B1E0982B6EC3C00059573E /* EssentialFeed.framework in Frameworks */ = {isa = PBXBuildFile; fileRef = E8B1E08F2B6EC3C00059573E /* EssentialFeed.framework */; };
		E8B1E0A92B6EC4290059573E /* FeedItem.swift in Sources */ = {isa = PBXBuildFile; fileRef = E8B1E0A82B6EC4290059573E /* FeedItem.swift */; };
		E8B1E0AB2B6EC42F0059573E /* FeedLoader.swift in Sources */ = {isa = PBXBuildFile; fileRef = E8B1E0AA2B6EC42F0059573E /* FeedLoader.swift */; };
		E8B1E0AD2B6EC52E0059573E /* RemoteFeedLoaderTests.swift in Sources */ = {isa = PBXBuildFile; fileRef = E8B1E0AC2B6EC52E0059573E /* RemoteFeedLoaderTests.swift */; };
/* End PBXBuildFile section */

/* Begin PBXContainerItemProxy section */
		E8890B3A2B74CD8A00637D1A /* PBXContainerItemProxy */ = {
			isa = PBXContainerItemProxy;
			containerPortal = E8B1E0862B6EC3C00059573E /* Project object */;
			proxyType = 1;
			remoteGlobalIDString = E8B1E08E2B6EC3C00059573E;
			remoteInfo = EssentialFeed;
		};
		E8B1E0992B6EC3C00059573E /* PBXContainerItemProxy */ = {
			isa = PBXContainerItemProxy;
			containerPortal = E8B1E0862B6EC3C00059573E /* Project object */;
			proxyType = 1;
			remoteGlobalIDString = E8B1E08E2B6EC3C00059573E;
			remoteInfo = EssentialFeed;
		};
/* End PBXContainerItemProxy section */

/* Begin PBXFileReference section */
		E832B02E2B6F8DDC00329DD5 /* RemoteFeedLoader.swift */ = {isa = PBXFileReference; lastKnownFileType = sourcecode.swift; path = RemoteFeedLoader.swift; sourceTree = "<group>"; };
		E87BB5BC2B71633800AE86B8 /* HTTPClient.swift */ = {isa = PBXFileReference; lastKnownFileType = sourcecode.swift; path = HTTPClient.swift; sourceTree = "<group>"; };
		E87BB5BE2B71642E00AE86B8 /* FeedItemsMapper.swift */ = {isa = PBXFileReference; lastKnownFileType = sourcecode.swift; path = FeedItemsMapper.swift; sourceTree = "<group>"; };
		E8890B302B74CA2F00637D1A /* EssentialFeed.xctestplan */ = {isa = PBXFileReference; lastKnownFileType = text; path = EssentialFeed.xctestplan; sourceTree = "<group>"; };
		E8890B352B74CD8A00637D1A /* EssentialFeedAPIEndToEndTests.xctest */ = {isa = PBXFileReference; explicitFileType = wrapper.cfbundle; includeInIndex = 0; path = EssentialFeedAPIEndToEndTests.xctest; sourceTree = BUILT_PRODUCTS_DIR; };
		E8890B372B74CD8A00637D1A /* EssentialFeedAPIEndToEndTests.swift */ = {isa = PBXFileReference; lastKnownFileType = sourcecode.swift; path = EssentialFeedAPIEndToEndTests.swift; sourceTree = "<group>"; };
		E896BB102B73736B00197288 /* URLSessionHTTPClientTests.swift */ = {isa = PBXFileReference; lastKnownFileType = sourcecode.swift; path = URLSessionHTTPClientTests.swift; sourceTree = "<group>"; };
		E896BB132B73D31300197288 /* XCTestCase+MemoryLeakTracking.swift */ = {isa = PBXFileReference; lastKnownFileType = sourcecode.swift; path = "XCTestCase+MemoryLeakTracking.swift"; sourceTree = "<group>"; };
		E896BB152B73E90000197288 /* URLSessionHTTPClient.swift */ = {isa = PBXFileReference; lastKnownFileType = sourcecode.swift; path = URLSessionHTTPClient.swift; sourceTree = "<group>"; };
		E8B1E08F2B6EC3C00059573E /* EssentialFeed.framework */ = {isa = PBXFileReference; explicitFileType = wrapper.framework; includeInIndex = 0; path = EssentialFeed.framework; sourceTree = BUILT_PRODUCTS_DIR; };
		E8B1E0972B6EC3C00059573E /* EssentialFeedTests.xctest */ = {isa = PBXFileReference; explicitFileType = wrapper.cfbundle; includeInIndex = 0; path = EssentialFeedTests.xctest; sourceTree = BUILT_PRODUCTS_DIR; };
		E8B1E0A82B6EC4290059573E /* FeedItem.swift */ = {isa = PBXFileReference; lastKnownFileType = sourcecode.swift; path = FeedItem.swift; sourceTree = "<group>"; };
		E8B1E0AA2B6EC42F0059573E /* FeedLoader.swift */ = {isa = PBXFileReference; lastKnownFileType = sourcecode.swift; path = FeedLoader.swift; sourceTree = "<group>"; };
		E8B1E0AC2B6EC52E0059573E /* RemoteFeedLoaderTests.swift */ = {isa = PBXFileReference; lastKnownFileType = sourcecode.swift; path = RemoteFeedLoaderTests.swift; sourceTree = "<group>"; };
/* End PBXFileReference section */

/* Begin PBXFrameworksBuildPhase section */
		E8890B322B74CD8A00637D1A /* Frameworks */ = {
			isa = PBXFrameworksBuildPhase;
			buildActionMask = 2147483647;
			files = (
				E8890B392B74CD8A00637D1A /* EssentialFeed.framework in Frameworks */,
			);
			runOnlyForDeploymentPostprocessing = 0;
		};
		E8B1E08C2B6EC3C00059573E /* Frameworks */ = {
			isa = PBXFrameworksBuildPhase;
			buildActionMask = 2147483647;
			files = (
			);
			runOnlyForDeploymentPostprocessing = 0;
		};
		E8B1E0942B6EC3C00059573E /* Frameworks */ = {
			isa = PBXFrameworksBuildPhase;
			buildActionMask = 2147483647;
			files = (
				E8B1E0982B6EC3C00059573E /* EssentialFeed.framework in Frameworks */,
			);
			runOnlyForDeploymentPostprocessing = 0;
		};
/* End PBXFrameworksBuildPhase section */

/* Begin PBXGroup section */
		E832B02D2B6F8DC000329DD5 /* FeedAPI */ = {
			isa = PBXGroup;
			children = (
				E832B02E2B6F8DDC00329DD5 /* RemoteFeedLoader.swift */,
				E87BB5BC2B71633800AE86B8 /* HTTPClient.swift */,
				E87BB5BE2B71642E00AE86B8 /* FeedItemsMapper.swift */,
				E896BB152B73E90000197288 /* URLSessionHTTPClient.swift */,
			);
			path = FeedAPI;
			sourceTree = "<group>";
		};
		E87BB5C02B716EED00AE86B8 /* FeedAPI */ = {
			isa = PBXGroup;
			children = (
				E896BB122B73D2FC00197288 /* Helpers */,
				E8B1E0AC2B6EC52E0059573E /* RemoteFeedLoaderTests.swift */,
				E896BB102B73736B00197288 /* URLSessionHTTPClientTests.swift */,
			);
			path = FeedAPI;
			sourceTree = "<group>";
		};
		E8890B362B74CD8A00637D1A /* EssentialFeedAPIEndToEndTests */ = {
			isa = PBXGroup;
			children = (
				E8890B372B74CD8A00637D1A /* EssentialFeedAPIEndToEndTests.swift */,
			);
			path = EssentialFeedAPIEndToEndTests;
			sourceTree = "<group>";
		};
		E896BB122B73D2FC00197288 /* Helpers */ = {
			isa = PBXGroup;
			children = (
				E896BB132B73D31300197288 /* XCTestCase+MemoryLeakTracking.swift */,
			);
			path = Helpers;
			sourceTree = "<group>";
		};
		E8B1E0852B6EC3C00059573E = {
			isa = PBXGroup;
			children = (
				E8B1E0912B6EC3C00059573E /* EssentialFeed */,
				E8B1E09B2B6EC3C00059573E /* EssentialFeedTests */,
				E8890B362B74CD8A00637D1A /* EssentialFeedAPIEndToEndTests */,
				E8B1E0902B6EC3C00059573E /* Products */,
			);
			sourceTree = "<group>";
		};
		E8B1E0902B6EC3C00059573E /* Products */ = {
			isa = PBXGroup;
			children = (
				E8B1E08F2B6EC3C00059573E /* EssentialFeed.framework */,
				E8B1E0972B6EC3C00059573E /* EssentialFeedTests.xctest */,
				E8890B352B74CD8A00637D1A /* EssentialFeedAPIEndToEndTests.xctest */,
			);
			name = Products;
			sourceTree = "<group>";
		};
		E8B1E0912B6EC3C00059573E /* EssentialFeed */ = {
			isa = PBXGroup;
			children = (
				E832B02D2B6F8DC000329DD5 /* FeedAPI */,
				E8B1E0A72B6EC40F0059573E /* FeedFeature */,
			);
			path = EssentialFeed;
			sourceTree = "<group>";
		};
		E8B1E09B2B6EC3C00059573E /* EssentialFeedTests */ = {
			isa = PBXGroup;
			children = (
				E8890B302B74CA2F00637D1A /* EssentialFeed.xctestplan */,
				E87BB5C02B716EED00AE86B8 /* FeedAPI */,
			);
			path = EssentialFeedTests;
			sourceTree = "<group>";
		};
		E8B1E0A72B6EC40F0059573E /* FeedFeature */ = {
			isa = PBXGroup;
			children = (
				E8B1E0A82B6EC4290059573E /* FeedItem.swift */,
				E8B1E0AA2B6EC42F0059573E /* FeedLoader.swift */,
			);
			path = FeedFeature;
			sourceTree = "<group>";
		};
/* End PBXGroup section */

/* Begin PBXHeadersBuildPhase section */
		E8B1E08A2B6EC3C00059573E /* Headers */ = {
			isa = PBXHeadersBuildPhase;
			buildActionMask = 2147483647;
			files = (
			);
			runOnlyForDeploymentPostprocessing = 0;
		};
/* End PBXHeadersBuildPhase section */

/* Begin PBXNativeTarget section */
		E8890B342B74CD8A00637D1A /* EssentialFeedAPIEndToEndTests */ = {
			isa = PBXNativeTarget;
			buildConfigurationList = E8890B3C2B74CD8A00637D1A /* Build configuration list for PBXNativeTarget "EssentialFeedAPIEndToEndTests" */;
			buildPhases = (
				E8890B312B74CD8A00637D1A /* Sources */,
				E8890B322B74CD8A00637D1A /* Frameworks */,
				E8890B332B74CD8A00637D1A /* Resources */,
			);
			buildRules = (
			);
			dependencies = (
				E8890B3B2B74CD8A00637D1A /* PBXTargetDependency */,
			);
			name = EssentialFeedAPIEndToEndTests;
			productName = EssentialFeedAPIEndToEndTests;
			productReference = E8890B352B74CD8A00637D1A /* EssentialFeedAPIEndToEndTests.xctest */;
			productType = "com.apple.product-type.bundle.unit-test";
		};
		E8B1E08E2B6EC3C00059573E /* EssentialFeed */ = {
			isa = PBXNativeTarget;
			buildConfigurationList = E8B1E0A12B6EC3C00059573E /* Build configuration list for PBXNativeTarget "EssentialFeed" */;
			buildPhases = (
				E8B1E08A2B6EC3C00059573E /* Headers */,
				E8B1E08B2B6EC3C00059573E /* Sources */,
				E8B1E08C2B6EC3C00059573E /* Frameworks */,
				E8B1E08D2B6EC3C00059573E /* Resources */,
			);
			buildRules = (
			);
			dependencies = (
			);
			name = EssentialFeed;
			productName = EssentialFeed;
			productReference = E8B1E08F2B6EC3C00059573E /* EssentialFeed.framework */;
			productType = "com.apple.product-type.framework";
		};
		E8B1E0962B6EC3C00059573E /* EssentialFeedTests */ = {
			isa = PBXNativeTarget;
			buildConfigurationList = E8B1E0A42B6EC3C00059573E /* Build configuration list for PBXNativeTarget "EssentialFeedTests" */;
			buildPhases = (
				E8B1E0932B6EC3C00059573E /* Sources */,
				E8B1E0942B6EC3C00059573E /* Frameworks */,
				E8B1E0952B6EC3C00059573E /* Resources */,
			);
			buildRules = (
			);
			dependencies = (
				E8B1E09A2B6EC3C00059573E /* PBXTargetDependency */,
			);
			name = EssentialFeedTests;
			productName = EssentialFeedTests;
			productReference = E8B1E0972B6EC3C00059573E /* EssentialFeedTests.xctest */;
			productType = "com.apple.product-type.bundle.unit-test";
		};
/* End PBXNativeTarget section */

/* Begin PBXProject section */
		E8B1E0862B6EC3C00059573E /* Project object */ = {
			isa = PBXProject;
			attributes = {
				BuildIndependentTargetsInParallel = 1;
				LastSwiftUpdateCheck = 1510;
				LastUpgradeCheck = 1510;
				TargetAttributes = {
					E8890B342B74CD8A00637D1A = {
						CreatedOnToolsVersion = 15.1;
					};
					E8B1E08E2B6EC3C00059573E = {
						CreatedOnToolsVersion = 15.1;
						LastSwiftMigration = 1510;
					};
					E8B1E0962B6EC3C00059573E = {
						CreatedOnToolsVersion = 15.1;
					};
				};
			};
			buildConfigurationList = E8B1E0892B6EC3C00059573E /* Build configuration list for PBXProject "EssentialFeed" */;
			compatibilityVersion = "Xcode 14.0";
			developmentRegion = en;
			hasScannedForEncodings = 0;
			knownRegions = (
				en,
				Base,
			);
			mainGroup = E8B1E0852B6EC3C00059573E;
			productRefGroup = E8B1E0902B6EC3C00059573E /* Products */;
			projectDirPath = "";
			projectRoot = "";
			targets = (
				E8B1E08E2B6EC3C00059573E /* EssentialFeed */,
				E8B1E0962B6EC3C00059573E /* EssentialFeedTests */,
				E8890B342B74CD8A00637D1A /* EssentialFeedAPIEndToEndTests */,
			);
		};
/* End PBXProject section */

/* Begin PBXResourcesBuildPhase section */
		E8890B332B74CD8A00637D1A /* Resources */ = {
			isa = PBXResourcesBuildPhase;
			buildActionMask = 2147483647;
			files = (
			);
			runOnlyForDeploymentPostprocessing = 0;
		};
		E8B1E08D2B6EC3C00059573E /* Resources */ = {
			isa = PBXResourcesBuildPhase;
			buildActionMask = 2147483647;
			files = (
			);
			runOnlyForDeploymentPostprocessing = 0;
		};
		E8B1E0952B6EC3C00059573E /* Resources */ = {
			isa = PBXResourcesBuildPhase;
			buildActionMask = 2147483647;
			files = (
			);
			runOnlyForDeploymentPostprocessing = 0;
		};
/* End PBXResourcesBuildPhase section */

/* Begin PBXSourcesBuildPhase section */
		E8890B312B74CD8A00637D1A /* Sources */ = {
			isa = PBXSourcesBuildPhase;
			buildActionMask = 2147483647;
			files = (
				E8890B382B74CD8A00637D1A /* EssentialFeedAPIEndToEndTests.swift in Sources */,
				E84335C92B74D4530079DC9C /* XCTestCase+MemoryLeakTracking.swift in Sources */,
			);
			runOnlyForDeploymentPostprocessing = 0;
		};
		E8B1E08B2B6EC3C00059573E /* Sources */ = {
			isa = PBXSourcesBuildPhase;
			buildActionMask = 2147483647;
			files = (
				E87BB5BF2B71642E00AE86B8 /* FeedItemsMapper.swift in Sources */,
				E8B1E0AB2B6EC42F0059573E /* FeedLoader.swift in Sources */,
				E832B02F2B6F8DDC00329DD5 /* RemoteFeedLoader.swift in Sources */,
				E87BB5BD2B71633800AE86B8 /* HTTPClient.swift in Sources */,
				E8B1E0A92B6EC4290059573E /* FeedItem.swift in Sources */,
				E896BB162B73E90000197288 /* URLSessionHTTPClient.swift in Sources */,
			);
			runOnlyForDeploymentPostprocessing = 0;
		};
		E8B1E0932B6EC3C00059573E /* Sources */ = {
			isa = PBXSourcesBuildPhase;
			buildActionMask = 2147483647;
			files = (
				E8B1E0AD2B6EC52E0059573E /* RemoteFeedLoaderTests.swift in Sources */,
				E896BB142B73D31300197288 /* XCTestCase+MemoryLeakTracking.swift in Sources */,
				E896BB112B73736B00197288 /* URLSessionHTTPClientTests.swift in Sources */,
			);
			runOnlyForDeploymentPostprocessing = 0;
		};
/* End PBXSourcesBuildPhase section */

/* Begin PBXTargetDependency section */
		E8890B3B2B74CD8A00637D1A /* PBXTargetDependency */ = {
			isa = PBXTargetDependency;
			target = E8B1E08E2B6EC3C00059573E /* EssentialFeed */;
			targetProxy = E8890B3A2B74CD8A00637D1A /* PBXContainerItemProxy */;
		};
		E8B1E09A2B6EC3C00059573E /* PBXTargetDependency */ = {
			isa = PBXTargetDependency;
			target = E8B1E08E2B6EC3C00059573E /* EssentialFeed */;
			targetProxy = E8B1E0992B6EC3C00059573E /* PBXContainerItemProxy */;
		};
/* End PBXTargetDependency section */

/* Begin XCBuildConfiguration section */
		E8890B3D2B74CD8A00637D1A /* Debug */ = {
			isa = XCBuildConfiguration;
			buildSettings = {
				CODE_SIGN_STYLE = Automatic;
				CURRENT_PROJECT_VERSION = 1;
				DEVELOPMENT_TEAM = K2H77582Z5;
				GENERATE_INFOPLIST_FILE = YES;
				MARKETING_VERSION = 1.0;
				PRODUCT_BUNDLE_IDENTIFIER = de.finnebeling.EssentialFeedAPIEndToEndTests;
				PRODUCT_NAME = "$(TARGET_NAME)";
				SWIFT_EMIT_LOC_STRINGS = NO;
				SWIFT_VERSION = 5.0;
			};
			name = Debug;
		};
		E8890B3E2B74CD8A00637D1A /* Release */ = {
			isa = XCBuildConfiguration;
			buildSettings = {
				CODE_SIGN_STYLE = Automatic;
				CURRENT_PROJECT_VERSION = 1;
				DEVELOPMENT_TEAM = K2H77582Z5;
				GENERATE_INFOPLIST_FILE = YES;
				MARKETING_VERSION = 1.0;
				PRODUCT_BUNDLE_IDENTIFIER = de.finnebeling.EssentialFeedAPIEndToEndTests;
				PRODUCT_NAME = "$(TARGET_NAME)";
				SWIFT_EMIT_LOC_STRINGS = NO;
				SWIFT_VERSION = 5.0;
			};
			name = Release;
		};
		E8B1E09F2B6EC3C00059573E /* Debug */ = {
			isa = XCBuildConfiguration;
			buildSettings = {
				ALWAYS_SEARCH_USER_PATHS = NO;
				ASSETCATALOG_COMPILER_GENERATE_SWIFT_ASSET_SYMBOL_EXTENSIONS = YES;
				CLANG_ANALYZER_NONNULL = YES;
				CLANG_ANALYZER_NUMBER_OBJECT_CONVERSION = YES_AGGRESSIVE;
				CLANG_CXX_LANGUAGE_STANDARD = "gnu++20";
				CLANG_ENABLE_MODULES = YES;
				CLANG_ENABLE_OBJC_ARC = YES;
				CLANG_ENABLE_OBJC_WEAK = YES;
				CLANG_WARN_BLOCK_CAPTURE_AUTORELEASING = YES;
				CLANG_WARN_BOOL_CONVERSION = YES;
				CLANG_WARN_COMMA = YES;
				CLANG_WARN_CONSTANT_CONVERSION = YES;
				CLANG_WARN_DEPRECATED_OBJC_IMPLEMENTATIONS = YES;
				CLANG_WARN_DIRECT_OBJC_ISA_USAGE = YES_ERROR;
				CLANG_WARN_DOCUMENTATION_COMMENTS = YES;
				CLANG_WARN_EMPTY_BODY = YES;
				CLANG_WARN_ENUM_CONVERSION = YES;
				CLANG_WARN_INFINITE_RECURSION = YES;
				CLANG_WARN_INT_CONVERSION = YES;
				CLANG_WARN_NON_LITERAL_NULL_CONVERSION = YES;
				CLANG_WARN_OBJC_IMPLICIT_RETAIN_SELF = YES;
				CLANG_WARN_OBJC_LITERAL_CONVERSION = YES;
				CLANG_WARN_OBJC_ROOT_CLASS = YES_ERROR;
				CLANG_WARN_QUOTED_INCLUDE_IN_FRAMEWORK_HEADER = YES;
				CLANG_WARN_RANGE_LOOP_ANALYSIS = YES;
				CLANG_WARN_STRICT_PROTOTYPES = YES;
				CLANG_WARN_SUSPICIOUS_MOVE = YES;
				CLANG_WARN_UNGUARDED_AVAILABILITY = YES_AGGRESSIVE;
				CLANG_WARN_UNREACHABLE_CODE = YES;
				CLANG_WARN__DUPLICATE_METHOD_MATCH = YES;
				COPY_PHASE_STRIP = NO;
				CURRENT_PROJECT_VERSION = 1;
				DEBUG_INFORMATION_FORMAT = dwarf;
				ENABLE_STRICT_OBJC_MSGSEND = YES;
				ENABLE_TESTABILITY = YES;
				ENABLE_USER_SCRIPT_SANDBOXING = YES;
				GCC_C_LANGUAGE_STANDARD = gnu17;
				GCC_DYNAMIC_NO_PIC = NO;
				GCC_NO_COMMON_BLOCKS = YES;
				GCC_OPTIMIZATION_LEVEL = 0;
				GCC_PREPROCESSOR_DEFINITIONS = (
					"DEBUG=1",
					"$(inherited)",
				);
				GCC_WARN_64_TO_32_BIT_CONVERSION = YES;
				GCC_WARN_ABOUT_RETURN_TYPE = YES_ERROR;
				GCC_WARN_UNDECLARED_SELECTOR = YES;
				GCC_WARN_UNINITIALIZED_AUTOS = YES_AGGRESSIVE;
				GCC_WARN_UNUSED_FUNCTION = YES;
				GCC_WARN_UNUSED_VARIABLE = YES;
				LOCALIZATION_PREFERS_STRING_CATALOGS = YES;
				MACOSX_DEPLOYMENT_TARGET = 14.2;
				MTL_ENABLE_DEBUG_INFO = INCLUDE_SOURCE;
				MTL_FAST_MATH = YES;
				ONLY_ACTIVE_ARCH = YES;
				SDKROOT = macosx;
				SWIFT_ACTIVE_COMPILATION_CONDITIONS = "DEBUG $(inherited)";
				SWIFT_OPTIMIZATION_LEVEL = "-Onone";
				VERSIONING_SYSTEM = "apple-generic";
				VERSION_INFO_PREFIX = "";
			};
			name = Debug;
		};
		E8B1E0A02B6EC3C00059573E /* Release */ = {
			isa = XCBuildConfiguration;
			buildSettings = {
				ALWAYS_SEARCH_USER_PATHS = NO;
				ASSETCATALOG_COMPILER_GENERATE_SWIFT_ASSET_SYMBOL_EXTENSIONS = YES;
				CLANG_ANALYZER_NONNULL = YES;
				CLANG_ANALYZER_NUMBER_OBJECT_CONVERSION = YES_AGGRESSIVE;
				CLANG_CXX_LANGUAGE_STANDARD = "gnu++20";
				CLANG_ENABLE_MODULES = YES;
				CLANG_ENABLE_OBJC_ARC = YES;
				CLANG_ENABLE_OBJC_WEAK = YES;
				CLANG_WARN_BLOCK_CAPTURE_AUTORELEASING = YES;
				CLANG_WARN_BOOL_CONVERSION = YES;
				CLANG_WARN_COMMA = YES;
				CLANG_WARN_CONSTANT_CONVERSION = YES;
				CLANG_WARN_DEPRECATED_OBJC_IMPLEMENTATIONS = YES;
				CLANG_WARN_DIRECT_OBJC_ISA_USAGE = YES_ERROR;
				CLANG_WARN_DOCUMENTATION_COMMENTS = YES;
				CLANG_WARN_EMPTY_BODY = YES;
				CLANG_WARN_ENUM_CONVERSION = YES;
				CLANG_WARN_INFINITE_RECURSION = YES;
				CLANG_WARN_INT_CONVERSION = YES;
				CLANG_WARN_NON_LITERAL_NULL_CONVERSION = YES;
				CLANG_WARN_OBJC_IMPLICIT_RETAIN_SELF = YES;
				CLANG_WARN_OBJC_LITERAL_CONVERSION = YES;
				CLANG_WARN_OBJC_ROOT_CLASS = YES_ERROR;
				CLANG_WARN_QUOTED_INCLUDE_IN_FRAMEWORK_HEADER = YES;
				CLANG_WARN_RANGE_LOOP_ANALYSIS = YES;
				CLANG_WARN_STRICT_PROTOTYPES = YES;
				CLANG_WARN_SUSPICIOUS_MOVE = YES;
				CLANG_WARN_UNGUARDED_AVAILABILITY = YES_AGGRESSIVE;
				CLANG_WARN_UNREACHABLE_CODE = YES;
				CLANG_WARN__DUPLICATE_METHOD_MATCH = YES;
				COPY_PHASE_STRIP = NO;
				CURRENT_PROJECT_VERSION = 1;
				DEBUG_INFORMATION_FORMAT = "dwarf-with-dsym";
				ENABLE_NS_ASSERTIONS = NO;
				ENABLE_STRICT_OBJC_MSGSEND = YES;
				ENABLE_USER_SCRIPT_SANDBOXING = YES;
				GCC_C_LANGUAGE_STANDARD = gnu17;
				GCC_NO_COMMON_BLOCKS = YES;
				GCC_WARN_64_TO_32_BIT_CONVERSION = YES;
				GCC_WARN_ABOUT_RETURN_TYPE = YES_ERROR;
				GCC_WARN_UNDECLARED_SELECTOR = YES;
				GCC_WARN_UNINITIALIZED_AUTOS = YES_AGGRESSIVE;
				GCC_WARN_UNUSED_FUNCTION = YES;
				GCC_WARN_UNUSED_VARIABLE = YES;
				LOCALIZATION_PREFERS_STRING_CATALOGS = YES;
				MACOSX_DEPLOYMENT_TARGET = 14.2;
				MTL_ENABLE_DEBUG_INFO = NO;
				MTL_FAST_MATH = YES;
				SDKROOT = macosx;
				SWIFT_COMPILATION_MODE = wholemodule;
				VERSIONING_SYSTEM = "apple-generic";
				VERSION_INFO_PREFIX = "";
			};
			name = Release;
		};
		E8B1E0A22B6EC3C00059573E /* Debug */ = {
			isa = XCBuildConfiguration;
			buildSettings = {
				CLANG_ENABLE_MODULES = YES;
				CODE_SIGN_STYLE = Automatic;
				COMBINE_HIDPI_IMAGES = YES;
				CURRENT_PROJECT_VERSION = 1;
				DEFINES_MODULE = YES;
				DEVELOPMENT_TEAM = K2H77582Z5;
				DYLIB_COMPATIBILITY_VERSION = 1;
				DYLIB_CURRENT_VERSION = 1;
				DYLIB_INSTALL_NAME_BASE = "@rpath";
				ENABLE_MODULE_VERIFIER = YES;
				GENERATE_INFOPLIST_FILE = YES;
				INFOPLIST_KEY_NSHumanReadableCopyright = "";
				INSTALL_PATH = "$(LOCAL_LIBRARY_DIR)/Frameworks";
				LD_RUNPATH_SEARCH_PATHS = (
					"$(inherited)",
					"@executable_path/../Frameworks",
					"@loader_path/Frameworks",
				);
				MARKETING_VERSION = 1.0;
				MODULE_VERIFIER_SUPPORTED_LANGUAGES = "objective-c objective-c++";
				MODULE_VERIFIER_SUPPORTED_LANGUAGE_STANDARDS = "gnu17 gnu++20";
				PRODUCT_BUNDLE_IDENTIFIER = de.finnebeling.EssentialFeed;
				PRODUCT_NAME = "$(TARGET_NAME:c99extidentifier)";
				SKIP_INSTALL = YES;
				SWIFT_EMIT_LOC_STRINGS = YES;
				SWIFT_OPTIMIZATION_LEVEL = "-Onone";
				SWIFT_VERSION = 5.0;
			};
			name = Debug;
		};
		E8B1E0A32B6EC3C00059573E /* Release */ = {
			isa = XCBuildConfiguration;
			buildSettings = {
				CLANG_ENABLE_MODULES = YES;
				CODE_SIGN_STYLE = Automatic;
				COMBINE_HIDPI_IMAGES = YES;
				CURRENT_PROJECT_VERSION = 1;
				DEFINES_MODULE = YES;
				DEVELOPMENT_TEAM = K2H77582Z5;
				DYLIB_COMPATIBILITY_VERSION = 1;
				DYLIB_CURRENT_VERSION = 1;
				DYLIB_INSTALL_NAME_BASE = "@rpath";
				ENABLE_MODULE_VERIFIER = YES;
				GENERATE_INFOPLIST_FILE = YES;
				INFOPLIST_KEY_NSHumanReadableCopyright = "";
				INSTALL_PATH = "$(LOCAL_LIBRARY_DIR)/Frameworks";
				LD_RUNPATH_SEARCH_PATHS = (
					"$(inherited)",
					"@executable_path/../Frameworks",
					"@loader_path/Frameworks",
				);
				MARKETING_VERSION = 1.0;
				MODULE_VERIFIER_SUPPORTED_LANGUAGES = "objective-c objective-c++";
				MODULE_VERIFIER_SUPPORTED_LANGUAGE_STANDARDS = "gnu17 gnu++20";
				PRODUCT_BUNDLE_IDENTIFIER = de.finnebeling.EssentialFeed;
				PRODUCT_NAME = "$(TARGET_NAME:c99extidentifier)";
				SKIP_INSTALL = YES;
				SWIFT_EMIT_LOC_STRINGS = YES;
				SWIFT_VERSION = 5.0;
			};
			name = Release;
		};
		E8B1E0A52B6EC3C00059573E /* Debug */ = {
			isa = XCBuildConfiguration;
			buildSettings = {
				ALWAYS_EMBED_SWIFT_STANDARD_LIBRARIES = YES;
				CODE_SIGN_STYLE = Automatic;
				CURRENT_PROJECT_VERSION = 1;
				DEVELOPMENT_TEAM = K2H77582Z5;
				GENERATE_INFOPLIST_FILE = YES;
				MARKETING_VERSION = 1.0;
				PRODUCT_BUNDLE_IDENTIFIER = de.finnebeling.EssentialFeedTests;
				PRODUCT_NAME = "$(TARGET_NAME)";
				SWIFT_EMIT_LOC_STRINGS = NO;
				SWIFT_VERSION = 5.0;
			};
			name = Debug;
		};
		E8B1E0A62B6EC3C00059573E /* Release */ = {
			isa = XCBuildConfiguration;
			buildSettings = {
				ALWAYS_EMBED_SWIFT_STANDARD_LIBRARIES = YES;
				CODE_SIGN_STYLE = Automatic;
				CURRENT_PROJECT_VERSION = 1;
				DEVELOPMENT_TEAM = K2H77582Z5;
				GENERATE_INFOPLIST_FILE = YES;
				MARKETING_VERSION = 1.0;
				PRODUCT_BUNDLE_IDENTIFIER = de.finnebeling.EssentialFeedTests;
				PRODUCT_NAME = "$(TARGET_NAME)";
				SWIFT_EMIT_LOC_STRINGS = NO;
				SWIFT_VERSION = 5.0;
			};
			name = Release;
		};
/* End XCBuildConfiguration section */

/* Begin XCConfigurationList section */
		E8890B3C2B74CD8A00637D1A /* Build configuration list for PBXNativeTarget "EssentialFeedAPIEndToEndTests" */ = {
			isa = XCConfigurationList;
			buildConfigurations = (
				E8890B3D2B74CD8A00637D1A /* Debug */,
				E8890B3E2B74CD8A00637D1A /* Release */,
			);
			defaultConfigurationIsVisible = 0;
			defaultConfigurationName = Release;
		};
		E8B1E0892B6EC3C00059573E /* Build configuration list for PBXProject "EssentialFeed" */ = {
			isa = XCConfigurationList;
			buildConfigurations = (
				E8B1E09F2B6EC3C00059573E /* Debug */,
				E8B1E0A02B6EC3C00059573E /* Release */,
			);
			defaultConfigurationIsVisible = 0;
			defaultConfigurationName = Release;
		};
		E8B1E0A12B6EC3C00059573E /* Build configuration list for PBXNativeTarget "EssentialFeed" */ = {
			isa = XCConfigurationList;
			buildConfigurations = (
				E8B1E0A22B6EC3C00059573E /* Debug */,
				E8B1E0A32B6EC3C00059573E /* Release */,
			);
			defaultConfigurationIsVisible = 0;
			defaultConfigurationName = Release;
		};
		E8B1E0A42B6EC3C00059573E /* Build configuration list for PBXNativeTarget "EssentialFeedTests" */ = {
			isa = XCConfigurationList;
			buildConfigurations = (
				E8B1E0A52B6EC3C00059573E /* Debug */,
				E8B1E0A62B6EC3C00059573E /* Release */,
			);
			defaultConfigurationIsVisible = 0;
			defaultConfigurationName = Release;
		};
/* End XCConfigurationList section */
	};
	rootObject = E8B1E0862B6EC3C00059573E /* Project object */;
}
