// !$*UTF8*$!
{
	archiveVersion = 1;
	classes = {
	};
	objectVersion = 56;
	objects = {

/* Begin PBXBuildFile section */
		E81939B62BA6FB5C00DDE760 /* FeedViewController+Localization.swift in Sources */ = {isa = PBXBuildFile; fileRef = E81939B52BA6FB5C00DDE760 /* FeedViewController+Localization.swift */; };
		E81939B72BA6FE6900DDE760 /* Feed.strings in Resources */ = {isa = PBXBuildFile; fileRef = E81939B92BA6FE6900DDE760 /* Feed.strings */; };
		E832B02F2B6F8DDC00329DD5 /* RemoteFeedLoader.swift in Sources */ = {isa = PBXBuildFile; fileRef = E832B02E2B6F8DDC00329DD5 /* RemoteFeedLoader.swift */; };
		E8335B3A2B78E48A00E1406E /* ValidateFeedCacheUseCaseTests.swift in Sources */ = {isa = PBXBuildFile; fileRef = E8335B392B78E48A00E1406E /* ValidateFeedCacheUseCaseTests.swift */; };
		E8335B3C2B78EA6C00E1406E /* FeedCacheTestHelper.swift in Sources */ = {isa = PBXBuildFile; fileRef = E8335B3B2B78EA6C00E1406E /* FeedCacheTestHelper.swift */; };
		E8335B3E2B78EB4400E1406E /* SharedTestHelpers.swift in Sources */ = {isa = PBXBuildFile; fileRef = E8335B3D2B78EB4400E1406E /* SharedTestHelpers.swift */; };
		E8335B482B793FE300E1406E /* FeedCachePolicy.swift in Sources */ = {isa = PBXBuildFile; fileRef = E8335B472B793FE300E1406E /* FeedCachePolicy.swift */; };
		E83E41422B8767ED00B754E2 /* CoreDataHelpers.swift in Sources */ = {isa = PBXBuildFile; fileRef = E83E41412B8767ED00B754E2 /* CoreDataHelpers.swift */; };
		E83E41442B87685100B754E2 /* ManagedCache.swift in Sources */ = {isa = PBXBuildFile; fileRef = E83E41432B87685100B754E2 /* ManagedCache.swift */; };
		E83E41462B87685600B754E2 /* ManagedFeedImage.swift in Sources */ = {isa = PBXBuildFile; fileRef = E83E41452B87685600B754E2 /* ManagedFeedImage.swift */; };
		E83E414E2B8793B100B754E2 /* EssentialFeedCacheIntegrationTests.swift in Sources */ = {isa = PBXBuildFile; fileRef = E83E414D2B8793B100B754E2 /* EssentialFeedCacheIntegrationTests.swift */; };
		E83E414F2B8793B100B754E2 /* EssentialFeed.framework in Frameworks */ = {isa = PBXBuildFile; fileRef = E8B1E08F2B6EC3C00059573E /* EssentialFeed.framework */; };
		E84335C92B74D4530079DC9C /* XCTestCase+MemoryLeakTracking.swift in Sources */ = {isa = PBXBuildFile; fileRef = E896BB132B73D31300197288 /* XCTestCase+MemoryLeakTracking.swift */; };
		E84F57982B85369B0075D163 /* CoreDataFeedStoreTests.swift in Sources */ = {isa = PBXBuildFile; fileRef = E84F57972B85369B0075D163 /* CoreDataFeedStoreTests.swift */; };
		E84F579A2B8538CA0075D163 /* CoreDataFeedStore.swift in Sources */ = {isa = PBXBuildFile; fileRef = E84F57992B8538CA0075D163 /* CoreDataFeedStore.swift */; };
		E854E9E72BA4D32B008113F9 /* FeedImagePresenter.swift in Sources */ = {isa = PBXBuildFile; fileRef = E854E9E62BA4D32B008113F9 /* FeedImagePresenter.swift */; };
		E854E9E92BA4E51D008113F9 /* FeedLoadingViewModel.swift in Sources */ = {isa = PBXBuildFile; fileRef = E854E9E82BA4E51D008113F9 /* FeedLoadingViewModel.swift */; };
		E854E9EB2BA4E530008113F9 /* FeedViewModel.swift in Sources */ = {isa = PBXBuildFile; fileRef = E854E9EA2BA4E530008113F9 /* FeedViewModel.swift */; };
		E8618D8F2B9B996400C88763 /* FeedImageDataLoader.swift in Sources */ = {isa = PBXBuildFile; fileRef = E8618D8E2B9B996400C88763 /* FeedImageDataLoader.swift */; };
		E8618D952B9B99DE00C88763 /* UIImage+TestHelpers.swift in Sources */ = {isa = PBXBuildFile; fileRef = E8618D932B9B99DE00C88763 /* UIImage+TestHelpers.swift */; };
		E8618D972B9B9A1B00C88763 /* UIRefreshControl+TestHelpers.swift in Sources */ = {isa = PBXBuildFile; fileRef = E8618D962B9B9A1B00C88763 /* UIRefreshControl+TestHelpers.swift */; };
		E8618D992B9B9A5100C88763 /* UIButton+TestHelpers.swift in Sources */ = {isa = PBXBuildFile; fileRef = E8618D982B9B9A5100C88763 /* UIButton+TestHelpers.swift */; };
		E8618D9B2B9B9A7900C88763 /* UIControl+TestHelpers.swift in Sources */ = {isa = PBXBuildFile; fileRef = E8618D9A2B9B9A7900C88763 /* UIControl+TestHelpers.swift */; };
		E8618D9F2B9B9B2100C88763 /* FeedViewController+TestHelpers.swift in Sources */ = {isa = PBXBuildFile; fileRef = E8618D9E2B9B9B2100C88763 /* FeedViewController+TestHelpers.swift */; };
		E8618DA12B9B9B7500C88763 /* FeedImageCell+TestHelpers.swift in Sources */ = {isa = PBXBuildFile; fileRef = E8618DA02B9B9B7500C88763 /* FeedImageCell+TestHelpers.swift */; };
		E8618DA32B9B9BC000C88763 /* FeedViewControllerTests+LoaderSpy.swift in Sources */ = {isa = PBXBuildFile; fileRef = E8618DA22B9B9BC000C88763 /* FeedViewControllerTests+LoaderSpy.swift */; };
		E8618DA52B9B9C1300C88763 /* FeedViewControllerTests+Assertions.swift in Sources */ = {isa = PBXBuildFile; fileRef = E8618DA42B9B9C1300C88763 /* FeedViewControllerTests+Assertions.swift */; };
		E873157D2B7773CF00812006 /* LocalFeedLoader.swift in Sources */ = {isa = PBXBuildFile; fileRef = E873157C2B7773CF00812006 /* LocalFeedLoader.swift */; };
		E873157F2B7773E900812006 /* FeedStore.swift in Sources */ = {isa = PBXBuildFile; fileRef = E873157E2B7773E900812006 /* FeedStore.swift */; };
		E87315812B77909000812006 /* RemoteFeedItem.swift in Sources */ = {isa = PBXBuildFile; fileRef = E87315802B77909000812006 /* RemoteFeedItem.swift */; };
		E87315832B77909D00812006 /* LocalFeedImage.swift in Sources */ = {isa = PBXBuildFile; fileRef = E87315822B77909D00812006 /* LocalFeedImage.swift */; };
		E87315852B77CC1500812006 /* LoadFeedFromCacheUseCase.swift in Sources */ = {isa = PBXBuildFile; fileRef = E87315842B77CC1500812006 /* LoadFeedFromCacheUseCase.swift */; };
		E87315882B77CE4100812006 /* FeedStoreSpy.swift in Sources */ = {isa = PBXBuildFile; fileRef = E87315872B77CE4100812006 /* FeedStoreSpy.swift */; };
		E874B8B02B9DAA5800127A39 /* FeedImageViewModel.swift in Sources */ = {isa = PBXBuildFile; fileRef = E874B8AF2B9DAA5800127A39 /* FeedImageViewModel.swift */; };
		E87A6D742B9316DD002A461F /* FeedUIIntegrationTests.swift in Sources */ = {isa = PBXBuildFile; fileRef = E87C4A4A2B926C2A00C33812 /* FeedUIIntegrationTests.swift */; };
		E87A6D762B932178002A461F /* EssentialFeed.framework in Frameworks */ = {isa = PBXBuildFile; fileRef = E8B1E08F2B6EC3C00059573E /* EssentialFeed.framework */; };
		E87A6D772B932178002A461F /* EssentialFeed.framework in Embed Frameworks */ = {isa = PBXBuildFile; fileRef = E8B1E08F2B6EC3C00059573E /* EssentialFeed.framework */; settings = {ATTRIBUTES = (CodeSignOnCopy, RemoveHeadersOnCopy, ); }; };
		E87A6D7B2B9322AC002A461F /* XCTestCase+MemoryLeakTracking.swift in Sources */ = {isa = PBXBuildFile; fileRef = E896BB132B73D31300197288 /* XCTestCase+MemoryLeakTracking.swift */; };
		E87A6D7D2B936519002A461F /* FeedViewController.swift in Sources */ = {isa = PBXBuildFile; fileRef = E87A6D7C2B936519002A461F /* FeedViewController.swift */; };
		E87BB5BD2B71633800AE86B8 /* HTTPClient.swift in Sources */ = {isa = PBXBuildFile; fileRef = E87BB5BC2B71633800AE86B8 /* HTTPClient.swift */; };
		E87BB5BF2B71642E00AE86B8 /* FeedItemsMapper.swift in Sources */ = {isa = PBXBuildFile; fileRef = E87BB5BE2B71642E00AE86B8 /* FeedItemsMapper.swift */; };
		E884EFF82B7661A300B95472 /* CacheFeedUseCaseTests.swift in Sources */ = {isa = PBXBuildFile; fileRef = E884EFF72B7661A300B95472 /* CacheFeedUseCaseTests.swift */; };
		E88760FB2B9C710C00491C08 /* FeedImageCellController.swift in Sources */ = {isa = PBXBuildFile; fileRef = E88760FA2B9C710C00491C08 /* FeedImageCellController.swift */; };
		E88760FE2B9C766D00491C08 /* FeedUIComposer.swift in Sources */ = {isa = PBXBuildFile; fileRef = E88760FD2B9C766D00491C08 /* FeedUIComposer.swift */; };
		E8890B382B74CD8A00637D1A /* EssentialFeedAPIEndToEndTests.swift in Sources */ = {isa = PBXBuildFile; fileRef = E8890B372B74CD8A00637D1A /* EssentialFeedAPIEndToEndTests.swift */; };
		E8890B392B74CD8A00637D1A /* EssentialFeed.framework in Frameworks */ = {isa = PBXBuildFile; fileRef = E8B1E08F2B6EC3C00059573E /* EssentialFeed.framework */; };
		E890783D2B94C1E000A3A5AC /* FeedImageCell.swift in Sources */ = {isa = PBXBuildFile; fileRef = E890783C2B94C1E000A3A5AC /* FeedImageCell.swift */; };
		E89078402B9505C400A3A5AC /* UIView+Shimmering.swift in Sources */ = {isa = PBXBuildFile; fileRef = E890783F2B9505C400A3A5AC /* UIView+Shimmering.swift */; };
		E89078412B9505C400A3A5AC /* UIView+Shimmering.swift in Sources */ = {isa = PBXBuildFile; fileRef = E890783F2B9505C400A3A5AC /* UIView+Shimmering.swift */; };
		E896BB112B73736B00197288 /* URLSessionHTTPClientTests.swift in Sources */ = {isa = PBXBuildFile; fileRef = E896BB102B73736B00197288 /* URLSessionHTTPClientTests.swift */; };
		E896BB142B73D31300197288 /* XCTestCase+MemoryLeakTracking.swift in Sources */ = {isa = PBXBuildFile; fileRef = E896BB132B73D31300197288 /* XCTestCase+MemoryLeakTracking.swift */; };
		E896BB162B73E90000197288 /* URLSessionHTTPClient.swift in Sources */ = {isa = PBXBuildFile; fileRef = E896BB152B73E90000197288 /* URLSessionHTTPClient.swift */; };
		E8ABF02F2B8E655200BF7220 /* EssentialFeediOS.framework in Frameworks */ = {isa = PBXBuildFile; fileRef = E8ABF0272B8E655100BF7220 /* EssentialFeediOS.framework */; };
		E8B1E0982B6EC3C00059573E /* EssentialFeed.framework in Frameworks */ = {isa = PBXBuildFile; fileRef = E8B1E08F2B6EC3C00059573E /* EssentialFeed.framework */; };
		E8B1E0A92B6EC4290059573E /* FeedImage.swift in Sources */ = {isa = PBXBuildFile; fileRef = E8B1E0A82B6EC4290059573E /* FeedImage.swift */; };
		E8B1E0AB2B6EC42F0059573E /* FeedLoader.swift in Sources */ = {isa = PBXBuildFile; fileRef = E8B1E0AA2B6EC42F0059573E /* FeedLoader.swift */; };
		E8B1E0AD2B6EC52E0059573E /* LoadFeedFromRemoteUseCaseTests.swift in Sources */ = {isa = PBXBuildFile; fileRef = E8B1E0AC2B6EC52E0059573E /* LoadFeedFromRemoteUseCaseTests.swift */; };
		E8B3664E2B867A1100E2D7A2 /* FeedStore.xcdatamodeld in Sources */ = {isa = PBXBuildFile; fileRef = E8B3664C2B867A1100E2D7A2 /* FeedStore.xcdatamodeld */; };
		E8B734472B83DDCC0073880E /* FeedStoreSpecs.swift in Sources */ = {isa = PBXBuildFile; fileRef = E8B734462B83DDCC0073880E /* FeedStoreSpecs.swift */; };
		E8B7344B2B83DF090073880E /* XCTestCase+FeedStoreSpecs.swift in Sources */ = {isa = PBXBuildFile; fileRef = E8B7344A2B83DF090073880E /* XCTestCase+FeedStoreSpecs.swift */; };
		E8B7344D2B83E6D50073880E /* XCTestCase+FailableRetrieveFeedStoreSpecs.swift in Sources */ = {isa = PBXBuildFile; fileRef = E8B7344C2B83E6D50073880E /* XCTestCase+FailableRetrieveFeedStoreSpecs.swift */; };
		E8B7344F2B83E8070073880E /* XCTestCase+FailableInsertFeedStoreSpecs.swift in Sources */ = {isa = PBXBuildFile; fileRef = E8B7344E2B83E8070073880E /* XCTestCase+FailableInsertFeedStoreSpecs.swift */; };
		E8B734512B83E8E50073880E /* XCTestCase+FailableDeleteFeedStoreSpecs.swift in Sources */ = {isa = PBXBuildFile; fileRef = E8B734502B83E8E50073880E /* XCTestCase+FailableDeleteFeedStoreSpecs.swift */; };
		E8BB85972BA59E7300D95040 /* Feed.storyboard in Resources */ = {isa = PBXBuildFile; fileRef = E8BB85962BA59E7300D95040 /* Feed.storyboard */; };
		E8BB85992BA59F7600D95040 /* Feed.xcassets in Resources */ = {isa = PBXBuildFile; fileRef = E8BB85982BA59F7600D95040 /* Feed.xcassets */; };
		E8BB859B2BA5DC4700D95040 /* UITableView+Dequeueing.swift in Sources */ = {isa = PBXBuildFile; fileRef = E8BB859A2BA5DC4700D95040 /* UITableView+Dequeueing.swift */; };
		E8BB859D2BA5DE7500D95040 /* UIImageView+Animations.swift in Sources */ = {isa = PBXBuildFile; fileRef = E8BB859C2BA5DE7500D95040 /* UIImageView+Animations.swift */; };
		E8DA48372BA230550006CA76 /* FeedPresenter.swift in Sources */ = {isa = PBXBuildFile; fileRef = E8DA48362BA230550006CA76 /* FeedPresenter.swift */; };
		E8E49B292B87AF6C0001F669 /* XCTestCase+MemoryLeakTracking.swift in Sources */ = {isa = PBXBuildFile; fileRef = E896BB132B73D31300197288 /* XCTestCase+MemoryLeakTracking.swift */; };
		E8E49B2A2B87B2650001F669 /* FeedCacheTestHelper.swift in Sources */ = {isa = PBXBuildFile; fileRef = E8335B3B2B78EA6C00E1406E /* FeedCacheTestHelper.swift */; };
		E8E49B2B2B87B2700001F669 /* SharedTestHelpers.swift in Sources */ = {isa = PBXBuildFile; fileRef = E8335B3D2B78EB4400E1406E /* SharedTestHelpers.swift */; };
/* End PBXBuildFile section */

/* Begin PBXContainerItemProxy section */
		E83E41502B8793B100B754E2 /* PBXContainerItemProxy */ = {
			isa = PBXContainerItemProxy;
			containerPortal = E8B1E0862B6EC3C00059573E /* Project object */;
			proxyType = 1;
			remoteGlobalIDString = E8B1E08E2B6EC3C00059573E;
			remoteInfo = EssentialFeed;
		};
		E87A6D782B932178002A461F /* PBXContainerItemProxy */ = {
			isa = PBXContainerItemProxy;
			containerPortal = E8B1E0862B6EC3C00059573E /* Project object */;
			proxyType = 1;
			remoteGlobalIDString = E8B1E08E2B6EC3C00059573E;
			remoteInfo = EssentialFeed;
		};
		E8890B3A2B74CD8A00637D1A /* PBXContainerItemProxy */ = {
			isa = PBXContainerItemProxy;
			containerPortal = E8B1E0862B6EC3C00059573E /* Project object */;
			proxyType = 1;
			remoteGlobalIDString = E8B1E08E2B6EC3C00059573E;
			remoteInfo = EssentialFeed;
		};
		E8ABF0302B8E655200BF7220 /* PBXContainerItemProxy */ = {
			isa = PBXContainerItemProxy;
			containerPortal = E8B1E0862B6EC3C00059573E /* Project object */;
			proxyType = 1;
			remoteGlobalIDString = E8ABF0262B8E655100BF7220;
			remoteInfo = EssentialFeediOS;
		};
		E8B1E0992B6EC3C00059573E /* PBXContainerItemProxy */ = {
			isa = PBXContainerItemProxy;
			containerPortal = E8B1E0862B6EC3C00059573E /* Project object */;
			proxyType = 1;
			remoteGlobalIDString = E8B1E08E2B6EC3C00059573E;
			remoteInfo = EssentialFeed;
		};
/* End PBXContainerItemProxy section */

/* Begin PBXCopyFilesBuildPhase section */
		E87A6D7A2B932178002A461F /* Embed Frameworks */ = {
			isa = PBXCopyFilesBuildPhase;
			buildActionMask = 2147483647;
			dstPath = "";
			dstSubfolderSpec = 10;
			files = (
				E87A6D772B932178002A461F /* EssentialFeed.framework in Embed Frameworks */,
			);
			name = "Embed Frameworks";
			runOnlyForDeploymentPostprocessing = 0;
		};
/* End PBXCopyFilesBuildPhase section */

/* Begin PBXFileReference section */
		E81939B52BA6FB5C00DDE760 /* FeedViewController+Localization.swift */ = {isa = PBXFileReference; lastKnownFileType = sourcecode.swift; path = "FeedViewController+Localization.swift"; sourceTree = "<group>"; };
		E81939B82BA6FE6900DDE760 /* en */ = {isa = PBXFileReference; lastKnownFileType = text.plist.strings; name = en; path = en.lproj/Feed.strings; sourceTree = "<group>"; };
		E81939BA2BA6FEF300DDE760 /* pt-BR */ = {isa = PBXFileReference; lastKnownFileType = text.plist.strings; name = "pt-BR"; path = "pt-BR.lproj/Feed.strings"; sourceTree = "<group>"; };
		E832B02E2B6F8DDC00329DD5 /* RemoteFeedLoader.swift */ = {isa = PBXFileReference; lastKnownFileType = sourcecode.swift; path = RemoteFeedLoader.swift; sourceTree = "<group>"; };
		E8335B392B78E48A00E1406E /* ValidateFeedCacheUseCaseTests.swift */ = {isa = PBXFileReference; lastKnownFileType = sourcecode.swift; path = ValidateFeedCacheUseCaseTests.swift; sourceTree = "<group>"; };
		E8335B3B2B78EA6C00E1406E /* FeedCacheTestHelper.swift */ = {isa = PBXFileReference; lastKnownFileType = sourcecode.swift; path = FeedCacheTestHelper.swift; sourceTree = "<group>"; };
		E8335B3D2B78EB4400E1406E /* SharedTestHelpers.swift */ = {isa = PBXFileReference; lastKnownFileType = sourcecode.swift; path = SharedTestHelpers.swift; sourceTree = "<group>"; };
		E8335B472B793FE300E1406E /* FeedCachePolicy.swift */ = {isa = PBXFileReference; lastKnownFileType = sourcecode.swift; path = FeedCachePolicy.swift; sourceTree = "<group>"; };
		E83E41412B8767ED00B754E2 /* CoreDataHelpers.swift */ = {isa = PBXFileReference; lastKnownFileType = sourcecode.swift; path = CoreDataHelpers.swift; sourceTree = "<group>"; };
		E83E41432B87685100B754E2 /* ManagedCache.swift */ = {isa = PBXFileReference; lastKnownFileType = sourcecode.swift; path = ManagedCache.swift; sourceTree = "<group>"; };
		E83E41452B87685600B754E2 /* ManagedFeedImage.swift */ = {isa = PBXFileReference; lastKnownFileType = sourcecode.swift; path = ManagedFeedImage.swift; sourceTree = "<group>"; };
		E83E414B2B8793B100B754E2 /* EssentialFeedCacheIntegrationTests.xctest */ = {isa = PBXFileReference; explicitFileType = wrapper.cfbundle; includeInIndex = 0; path = EssentialFeedCacheIntegrationTests.xctest; sourceTree = BUILT_PRODUCTS_DIR; };
		E83E414D2B8793B100B754E2 /* EssentialFeedCacheIntegrationTests.swift */ = {isa = PBXFileReference; lastKnownFileType = sourcecode.swift; path = EssentialFeedCacheIntegrationTests.swift; sourceTree = "<group>"; };
		E83E41552B87941500B754E2 /* EssentialFeedCacheIntegrationTests.xctestplan */ = {isa = PBXFileReference; lastKnownFileType = text; path = EssentialFeedCacheIntegrationTests.xctestplan; sourceTree = "<group>"; };
		E84F57972B85369B0075D163 /* CoreDataFeedStoreTests.swift */ = {isa = PBXFileReference; lastKnownFileType = sourcecode.swift; path = CoreDataFeedStoreTests.swift; sourceTree = "<group>"; };
		E84F57992B8538CA0075D163 /* CoreDataFeedStore.swift */ = {isa = PBXFileReference; lastKnownFileType = sourcecode.swift; path = CoreDataFeedStore.swift; sourceTree = "<group>"; };
		E854E9E62BA4D32B008113F9 /* FeedImagePresenter.swift */ = {isa = PBXFileReference; lastKnownFileType = sourcecode.swift; path = FeedImagePresenter.swift; sourceTree = "<group>"; };
		E854E9E82BA4E51D008113F9 /* FeedLoadingViewModel.swift */ = {isa = PBXFileReference; lastKnownFileType = sourcecode.swift; path = FeedLoadingViewModel.swift; sourceTree = "<group>"; };
		E854E9EA2BA4E530008113F9 /* FeedViewModel.swift */ = {isa = PBXFileReference; lastKnownFileType = sourcecode.swift; path = FeedViewModel.swift; sourceTree = "<group>"; };
		E8618D8E2B9B996400C88763 /* FeedImageDataLoader.swift */ = {isa = PBXFileReference; lastKnownFileType = sourcecode.swift; path = FeedImageDataLoader.swift; sourceTree = "<group>"; };
		E8618D932B9B99DE00C88763 /* UIImage+TestHelpers.swift */ = {isa = PBXFileReference; lastKnownFileType = sourcecode.swift; path = "UIImage+TestHelpers.swift"; sourceTree = "<group>"; };
		E8618D962B9B9A1B00C88763 /* UIRefreshControl+TestHelpers.swift */ = {isa = PBXFileReference; lastKnownFileType = sourcecode.swift; path = "UIRefreshControl+TestHelpers.swift"; sourceTree = "<group>"; };
		E8618D982B9B9A5100C88763 /* UIButton+TestHelpers.swift */ = {isa = PBXFileReference; lastKnownFileType = sourcecode.swift; path = "UIButton+TestHelpers.swift"; sourceTree = "<group>"; };
		E8618D9A2B9B9A7900C88763 /* UIControl+TestHelpers.swift */ = {isa = PBXFileReference; lastKnownFileType = sourcecode.swift; path = "UIControl+TestHelpers.swift"; sourceTree = "<group>"; };
		E8618D9E2B9B9B2100C88763 /* FeedViewController+TestHelpers.swift */ = {isa = PBXFileReference; lastKnownFileType = sourcecode.swift; path = "FeedViewController+TestHelpers.swift"; sourceTree = "<group>"; };
		E8618DA02B9B9B7500C88763 /* FeedImageCell+TestHelpers.swift */ = {isa = PBXFileReference; lastKnownFileType = sourcecode.swift; path = "FeedImageCell+TestHelpers.swift"; sourceTree = "<group>"; };
		E8618DA22B9B9BC000C88763 /* FeedViewControllerTests+LoaderSpy.swift */ = {isa = PBXFileReference; lastKnownFileType = sourcecode.swift; path = "FeedViewControllerTests+LoaderSpy.swift"; sourceTree = "<group>"; };
		E8618DA42B9B9C1300C88763 /* FeedViewControllerTests+Assertions.swift */ = {isa = PBXFileReference; lastKnownFileType = sourcecode.swift; path = "FeedViewControllerTests+Assertions.swift"; sourceTree = "<group>"; };
		E873157C2B7773CF00812006 /* LocalFeedLoader.swift */ = {isa = PBXFileReference; lastKnownFileType = sourcecode.swift; path = LocalFeedLoader.swift; sourceTree = "<group>"; };
		E873157E2B7773E900812006 /* FeedStore.swift */ = {isa = PBXFileReference; lastKnownFileType = sourcecode.swift; path = FeedStore.swift; sourceTree = "<group>"; };
		E87315802B77909000812006 /* RemoteFeedItem.swift */ = {isa = PBXFileReference; lastKnownFileType = sourcecode.swift; path = RemoteFeedItem.swift; sourceTree = "<group>"; };
		E87315822B77909D00812006 /* LocalFeedImage.swift */ = {isa = PBXFileReference; lastKnownFileType = sourcecode.swift; path = LocalFeedImage.swift; sourceTree = "<group>"; };
		E87315842B77CC1500812006 /* LoadFeedFromCacheUseCase.swift */ = {isa = PBXFileReference; lastKnownFileType = sourcecode.swift; path = LoadFeedFromCacheUseCase.swift; sourceTree = "<group>"; };
		E87315872B77CE4100812006 /* FeedStoreSpy.swift */ = {isa = PBXFileReference; lastKnownFileType = sourcecode.swift; path = FeedStoreSpy.swift; sourceTree = "<group>"; };
		E874B8AF2B9DAA5800127A39 /* FeedImageViewModel.swift */ = {isa = PBXFileReference; lastKnownFileType = sourcecode.swift; path = FeedImageViewModel.swift; sourceTree = "<group>"; };
		E87A6D7C2B936519002A461F /* FeedViewController.swift */ = {isa = PBXFileReference; lastKnownFileType = sourcecode.swift; path = FeedViewController.swift; sourceTree = "<group>"; };
		E87BB5BC2B71633800AE86B8 /* HTTPClient.swift */ = {isa = PBXFileReference; lastKnownFileType = sourcecode.swift; path = HTTPClient.swift; sourceTree = "<group>"; };
		E87BB5BE2B71642E00AE86B8 /* FeedItemsMapper.swift */ = {isa = PBXFileReference; lastKnownFileType = sourcecode.swift; path = FeedItemsMapper.swift; sourceTree = "<group>"; };
		E87C4A4A2B926C2A00C33812 /* FeedUIIntegrationTests.swift */ = {isa = PBXFileReference; lastKnownFileType = sourcecode.swift; path = FeedUIIntegrationTests.swift; sourceTree = "<group>"; };
		E884EFF72B7661A300B95472 /* CacheFeedUseCaseTests.swift */ = {isa = PBXFileReference; lastKnownFileType = sourcecode.swift; path = CacheFeedUseCaseTests.swift; sourceTree = "<group>"; };
		E88760FA2B9C710C00491C08 /* FeedImageCellController.swift */ = {isa = PBXFileReference; lastKnownFileType = sourcecode.swift; path = FeedImageCellController.swift; sourceTree = "<group>"; };
		E88760FD2B9C766D00491C08 /* FeedUIComposer.swift */ = {isa = PBXFileReference; lastKnownFileType = sourcecode.swift; path = FeedUIComposer.swift; sourceTree = "<group>"; };
		E8890B302B74CA2F00637D1A /* EssentialFeed.xctestplan */ = {isa = PBXFileReference; lastKnownFileType = text; path = EssentialFeed.xctestplan; sourceTree = "<group>"; };
		E8890B352B74CD8A00637D1A /* EssentialFeedAPIEndToEndTests.xctest */ = {isa = PBXFileReference; explicitFileType = wrapper.cfbundle; includeInIndex = 0; path = EssentialFeedAPIEndToEndTests.xctest; sourceTree = BUILT_PRODUCTS_DIR; };
		E8890B372B74CD8A00637D1A /* EssentialFeedAPIEndToEndTests.swift */ = {isa = PBXFileReference; lastKnownFileType = sourcecode.swift; path = EssentialFeedAPIEndToEndTests.swift; sourceTree = "<group>"; };
		E890783C2B94C1E000A3A5AC /* FeedImageCell.swift */ = {isa = PBXFileReference; lastKnownFileType = sourcecode.swift; path = FeedImageCell.swift; sourceTree = "<group>"; };
		E890783F2B9505C400A3A5AC /* UIView+Shimmering.swift */ = {isa = PBXFileReference; lastKnownFileType = sourcecode.swift; path = "UIView+Shimmering.swift"; sourceTree = "<group>"; };
		E896BB102B73736B00197288 /* URLSessionHTTPClientTests.swift */ = {isa = PBXFileReference; lastKnownFileType = sourcecode.swift; path = URLSessionHTTPClientTests.swift; sourceTree = "<group>"; };
		E896BB132B73D31300197288 /* XCTestCase+MemoryLeakTracking.swift */ = {isa = PBXFileReference; lastKnownFileType = sourcecode.swift; path = "XCTestCase+MemoryLeakTracking.swift"; sourceTree = "<group>"; };
		E896BB152B73E90000197288 /* URLSessionHTTPClient.swift */ = {isa = PBXFileReference; lastKnownFileType = sourcecode.swift; path = URLSessionHTTPClient.swift; sourceTree = "<group>"; };
		E8A3A88E2B8E57010080D370 /* EssentialFeedAPIEndToEndTests.xctestplan */ = {isa = PBXFileReference; lastKnownFileType = text; path = EssentialFeedAPIEndToEndTests.xctestplan; sourceTree = "<group>"; };
		E8ABF0272B8E655100BF7220 /* EssentialFeediOS.framework */ = {isa = PBXFileReference; explicitFileType = wrapper.framework; includeInIndex = 0; path = EssentialFeediOS.framework; sourceTree = BUILT_PRODUCTS_DIR; };
		E8ABF02E2B8E655100BF7220 /* EssentialFeediOSTests.xctest */ = {isa = PBXFileReference; explicitFileType = wrapper.cfbundle; includeInIndex = 0; path = EssentialFeediOSTests.xctest; sourceTree = BUILT_PRODUCTS_DIR; };
		E8ABF03C2B8E65C100BF7220 /* EssentialFeediOS.xctestplan */ = {isa = PBXFileReference; lastKnownFileType = text; path = EssentialFeediOS.xctestplan; sourceTree = "<group>"; };
		E8ABF03F2B8E678E00BF7220 /* CI_iOS.xctestplan */ = {isa = PBXFileReference; lastKnownFileType = text; name = CI_iOS.xctestplan; path = ../CI_iOS.xctestplan; sourceTree = "<group>"; };
		E8ABF0402B8E683900BF7220 /* CI_macOS.xctestplan */ = {isa = PBXFileReference; lastKnownFileType = text; name = CI_macOS.xctestplan; path = ../CI_macOS.xctestplan; sourceTree = "<group>"; };
		E8B1E08F2B6EC3C00059573E /* EssentialFeed.framework */ = {isa = PBXFileReference; explicitFileType = wrapper.framework; includeInIndex = 0; path = EssentialFeed.framework; sourceTree = BUILT_PRODUCTS_DIR; };
		E8B1E0972B6EC3C00059573E /* EssentialFeedTests.xctest */ = {isa = PBXFileReference; explicitFileType = wrapper.cfbundle; includeInIndex = 0; path = EssentialFeedTests.xctest; sourceTree = BUILT_PRODUCTS_DIR; };
		E8B1E0A82B6EC4290059573E /* FeedImage.swift */ = {isa = PBXFileReference; lastKnownFileType = sourcecode.swift; path = FeedImage.swift; sourceTree = "<group>"; };
		E8B1E0AA2B6EC42F0059573E /* FeedLoader.swift */ = {isa = PBXFileReference; lastKnownFileType = sourcecode.swift; path = FeedLoader.swift; sourceTree = "<group>"; };
		E8B1E0AC2B6EC52E0059573E /* LoadFeedFromRemoteUseCaseTests.swift */ = {isa = PBXFileReference; lastKnownFileType = sourcecode.swift; path = LoadFeedFromRemoteUseCaseTests.swift; sourceTree = "<group>"; };
		E8B3664D2B867A1100E2D7A2 /* FeedStore.xcdatamodel */ = {isa = PBXFileReference; lastKnownFileType = wrapper.xcdatamodel; path = FeedStore.xcdatamodel; sourceTree = "<group>"; };
		E8B734462B83DDCC0073880E /* FeedStoreSpecs.swift */ = {isa = PBXFileReference; lastKnownFileType = sourcecode.swift; path = FeedStoreSpecs.swift; sourceTree = "<group>"; };
		E8B7344A2B83DF090073880E /* XCTestCase+FeedStoreSpecs.swift */ = {isa = PBXFileReference; lastKnownFileType = sourcecode.swift; path = "XCTestCase+FeedStoreSpecs.swift"; sourceTree = "<group>"; };
		E8B7344C2B83E6D50073880E /* XCTestCase+FailableRetrieveFeedStoreSpecs.swift */ = {isa = PBXFileReference; lastKnownFileType = sourcecode.swift; path = "XCTestCase+FailableRetrieveFeedStoreSpecs.swift"; sourceTree = "<group>"; };
		E8B7344E2B83E8070073880E /* XCTestCase+FailableInsertFeedStoreSpecs.swift */ = {isa = PBXFileReference; lastKnownFileType = sourcecode.swift; path = "XCTestCase+FailableInsertFeedStoreSpecs.swift"; sourceTree = "<group>"; };
		E8B734502B83E8E50073880E /* XCTestCase+FailableDeleteFeedStoreSpecs.swift */ = {isa = PBXFileReference; lastKnownFileType = sourcecode.swift; path = "XCTestCase+FailableDeleteFeedStoreSpecs.swift"; sourceTree = "<group>"; };
		E8BB85962BA59E7300D95040 /* Feed.storyboard */ = {isa = PBXFileReference; lastKnownFileType = file.storyboard; path = Feed.storyboard; sourceTree = "<group>"; };
		E8BB85982BA59F7600D95040 /* Feed.xcassets */ = {isa = PBXFileReference; lastKnownFileType = folder.assetcatalog; path = Feed.xcassets; sourceTree = "<group>"; };
		E8BB859A2BA5DC4700D95040 /* UITableView+Dequeueing.swift */ = {isa = PBXFileReference; lastKnownFileType = sourcecode.swift; path = "UITableView+Dequeueing.swift"; sourceTree = "<group>"; };
		E8BB859C2BA5DE7500D95040 /* UIImageView+Animations.swift */ = {isa = PBXFileReference; lastKnownFileType = sourcecode.swift; path = "UIImageView+Animations.swift"; sourceTree = "<group>"; };
		E8DA48362BA230550006CA76 /* FeedPresenter.swift */ = {isa = PBXFileReference; lastKnownFileType = sourcecode.swift; path = FeedPresenter.swift; sourceTree = "<group>"; };
/* End PBXFileReference section */

/* Begin PBXFrameworksBuildPhase section */
		E83E41482B8793B100B754E2 /* Frameworks */ = {
			isa = PBXFrameworksBuildPhase;
			buildActionMask = 2147483647;
			files = (
				E83E414F2B8793B100B754E2 /* EssentialFeed.framework in Frameworks */,
			);
			runOnlyForDeploymentPostprocessing = 0;
		};
		E8890B322B74CD8A00637D1A /* Frameworks */ = {
			isa = PBXFrameworksBuildPhase;
			buildActionMask = 2147483647;
			files = (
				E8890B392B74CD8A00637D1A /* EssentialFeed.framework in Frameworks */,
			);
			runOnlyForDeploymentPostprocessing = 0;
		};
		E8ABF0242B8E655100BF7220 /* Frameworks */ = {
			isa = PBXFrameworksBuildPhase;
			buildActionMask = 2147483647;
			files = (
				E87A6D762B932178002A461F /* EssentialFeed.framework in Frameworks */,
			);
			runOnlyForDeploymentPostprocessing = 0;
		};
		E8ABF02B2B8E655100BF7220 /* Frameworks */ = {
			isa = PBXFrameworksBuildPhase;
			buildActionMask = 2147483647;
			files = (
				E8ABF02F2B8E655200BF7220 /* EssentialFeediOS.framework in Frameworks */,
			);
			runOnlyForDeploymentPostprocessing = 0;
		};
		E8B1E08C2B6EC3C00059573E /* Frameworks */ = {
			isa = PBXFrameworksBuildPhase;
			buildActionMask = 2147483647;
			files = (
			);
			runOnlyForDeploymentPostprocessing = 0;
		};
		E8B1E0942B6EC3C00059573E /* Frameworks */ = {
			isa = PBXFrameworksBuildPhase;
			buildActionMask = 2147483647;
			files = (
				E8B1E0982B6EC3C00059573E /* EssentialFeed.framework in Frameworks */,
			);
			runOnlyForDeploymentPostprocessing = 0;
		};
/* End PBXFrameworksBuildPhase section */

/* Begin PBXGroup section */
		E832B02D2B6F8DC000329DD5 /* FeedAPI */ = {
			isa = PBXGroup;
			children = (
				E832B02E2B6F8DDC00329DD5 /* RemoteFeedLoader.swift */,
				E87BB5BC2B71633800AE86B8 /* HTTPClient.swift */,
				E87BB5BE2B71642E00AE86B8 /* FeedItemsMapper.swift */,
				E87315802B77909000812006 /* RemoteFeedItem.swift */,
				E896BB152B73E90000197288 /* URLSessionHTTPClient.swift */,
			);
			path = FeedAPI;
			sourceTree = "<group>";
		};
		E83E413E2B8766EE00B754E2 /* Infrastructure */ = {
			isa = PBXGroup;
			children = (
				E83E413F2B87671B00B754E2 /* CoreData */,
			);
			path = Infrastructure;
			sourceTree = "<group>";
		};
		E83E413F2B87671B00B754E2 /* CoreData */ = {
			isa = PBXGroup;
			children = (
				E84F57992B8538CA0075D163 /* CoreDataFeedStore.swift */,
				E8B3664C2B867A1100E2D7A2 /* FeedStore.xcdatamodeld */,
				E83E41412B8767ED00B754E2 /* CoreDataHelpers.swift */,
				E83E41432B87685100B754E2 /* ManagedCache.swift */,
				E83E41452B87685600B754E2 /* ManagedFeedImage.swift */,
			);
			path = CoreData;
			sourceTree = "<group>";
		};
		E83E414C2B8793B100B754E2 /* EssentialFeedCacheIntegrationTests */ = {
			isa = PBXGroup;
			children = (
				E83E414D2B8793B100B754E2 /* EssentialFeedCacheIntegrationTests.swift */,
			);
			path = EssentialFeedCacheIntegrationTests;
			sourceTree = "<group>";
		};
		E8618D8A2B9B991900C88763 /* FeedImageLoader */ = {
			isa = PBXGroup;
			children = (
				E8618D8E2B9B996400C88763 /* FeedImageDataLoader.swift */,
			);
			path = FeedImageLoader;
			sourceTree = "<group>";
		};
		E8618D8B2B9B992100C88763 /* FeedUI */ = {
			isa = PBXGroup;
			children = (
				E874B8AC2B9D9E0000127A39 /* FeedPresentation */,
				E88760FC2B9C766200491C08 /* Composer */,
				E8618D8D2B9B993D00C88763 /* Controllers */,
				E8618D8C2B9B992600C88763 /* Views */,
			);
			path = FeedUI;
			sourceTree = "<group>";
		};
		E8618D8C2B9B992600C88763 /* Views */ = {
			isa = PBXGroup;
			children = (
				E890783C2B94C1E000A3A5AC /* FeedImageCell.swift */,
				E890783F2B9505C400A3A5AC /* UIView+Shimmering.swift */,
				E8BB85962BA59E7300D95040 /* Feed.storyboard */,
				E8BB85982BA59F7600D95040 /* Feed.xcassets */,
				E8BB859A2BA5DC4700D95040 /* UITableView+Dequeueing.swift */,
			);
			path = Views;
			sourceTree = "<group>";
		};
		E8618D8D2B9B993D00C88763 /* Controllers */ = {
			isa = PBXGroup;
			children = (
				E87A6D7C2B936519002A461F /* FeedViewController.swift */,
				E88760FA2B9C710C00491C08 /* FeedImageCellController.swift */,
				E8BB859C2BA5DE7500D95040 /* UIImageView+Animations.swift */,
			);
			path = Controllers;
			sourceTree = "<group>";
		};
		E8618DA62B9B9CA900C88763 /* FeedUI */ = {
			isa = PBXGroup;
			children = (
				E8618DA82B9B9CBC00C88763 /* Helpers */,
				E87C4A4A2B926C2A00C33812 /* FeedUIIntegrationTests.swift */,
			);
			path = FeedUI;
			sourceTree = "<group>";
		};
		E8618DA82B9B9CBC00C88763 /* Helpers */ = {
			isa = PBXGroup;
			children = (
				E8618D932B9B99DE00C88763 /* UIImage+TestHelpers.swift */,
				E8618D962B9B9A1B00C88763 /* UIRefreshControl+TestHelpers.swift */,
				E8618D982B9B9A5100C88763 /* UIButton+TestHelpers.swift */,
				E8618D9A2B9B9A7900C88763 /* UIControl+TestHelpers.swift */,
				E8618D9E2B9B9B2100C88763 /* FeedViewController+TestHelpers.swift */,
				E8618DA02B9B9B7500C88763 /* FeedImageCell+TestHelpers.swift */,
				E8618DA22B9B9BC000C88763 /* FeedViewControllerTests+LoaderSpy.swift */,
				E8618DA42B9B9C1300C88763 /* FeedViewControllerTests+Assertions.swift */,
				E81939B52BA6FB5C00DDE760 /* FeedViewController+Localization.swift */,
			);
			path = Helpers;
			sourceTree = "<group>";
		};
		E873157B2B7773B500812006 /* FeedCache */ = {
			isa = PBXGroup;
			children = (
				E83E413E2B8766EE00B754E2 /* Infrastructure */,
				E873157C2B7773CF00812006 /* LocalFeedLoader.swift */,
				E873157E2B7773E900812006 /* FeedStore.swift */,
				E87315822B77909D00812006 /* LocalFeedImage.swift */,
				E8335B472B793FE300E1406E /* FeedCachePolicy.swift */,
			);
			path = FeedCache;
			sourceTree = "<group>";
		};
		E87315862B77CE3800812006 /* Helpers */ = {
			isa = PBXGroup;
			children = (
				E87315872B77CE4100812006 /* FeedStoreSpy.swift */,
				E8335B3B2B78EA6C00E1406E /* FeedCacheTestHelper.swift */,
			);
			path = Helpers;
			sourceTree = "<group>";
		};
		E874B8AC2B9D9E0000127A39 /* FeedPresentation */ = {
			isa = PBXGroup;
			children = (
				E874B8AF2B9DAA5800127A39 /* FeedImageViewModel.swift */,
				E8DA48362BA230550006CA76 /* FeedPresenter.swift */,
				E854E9E62BA4D32B008113F9 /* FeedImagePresenter.swift */,
				E854E9E82BA4E51D008113F9 /* FeedLoadingViewModel.swift */,
				E854E9EA2BA4E530008113F9 /* FeedViewModel.swift */,
				E81939B92BA6FE6900DDE760 /* Feed.strings */,
			);
			path = FeedPresentation;
			sourceTree = "<group>";
		};
		E87A6D752B932178002A461F /* Frameworks */ = {
			isa = PBXGroup;
			children = (
			);
			name = Frameworks;
			sourceTree = "<group>";
		};
		E87BB5C02B716EED00AE86B8 /* FeedAPI */ = {
			isa = PBXGroup;
			children = (
				E8B1E0AC2B6EC52E0059573E /* LoadFeedFromRemoteUseCaseTests.swift */,
				E896BB102B73736B00197288 /* URLSessionHTTPClientTests.swift */,
			);
			path = FeedAPI;
			sourceTree = "<group>";
		};
		E884EFF62B76618A00B95472 /* FeedCache */ = {
			isa = PBXGroup;
			children = (
				E87315862B77CE3800812006 /* Helpers */,
				E8B734522B83E9E90073880E /* FeedStoreSpecs */,
				E884EFF72B7661A300B95472 /* CacheFeedUseCaseTests.swift */,
				E87315842B77CC1500812006 /* LoadFeedFromCacheUseCase.swift */,
				E8335B392B78E48A00E1406E /* ValidateFeedCacheUseCaseTests.swift */,
				E84F57972B85369B0075D163 /* CoreDataFeedStoreTests.swift */,
			);
			path = FeedCache;
			sourceTree = "<group>";
		};
		E88760FC2B9C766200491C08 /* Composer */ = {
			isa = PBXGroup;
			children = (
				E88760FD2B9C766D00491C08 /* FeedUIComposer.swift */,
			);
			path = Composer;
			sourceTree = "<group>";
		};
		E8890B362B74CD8A00637D1A /* EssentialFeedAPIEndToEndTests */ = {
			isa = PBXGroup;
			children = (
				E8890B372B74CD8A00637D1A /* EssentialFeedAPIEndToEndTests.swift */,
			);
			path = EssentialFeedAPIEndToEndTests;
			sourceTree = "<group>";
		};
		E896BB122B73D2FC00197288 /* Helpers */ = {
			isa = PBXGroup;
			children = (
				E896BB132B73D31300197288 /* XCTestCase+MemoryLeakTracking.swift */,
				E8335B3D2B78EB4400E1406E /* SharedTestHelpers.swift */,
			);
			path = Helpers;
			sourceTree = "<group>";
		};
		E8ABF0282B8E655100BF7220 /* EssentialFeediOS */ = {
			isa = PBXGroup;
			children = (
				E8618D8B2B9B992100C88763 /* FeedUI */,
				E8618D8A2B9B991900C88763 /* FeedImageLoader */,
			);
			path = EssentialFeediOS;
			sourceTree = "<group>";
		};
		E8ABF0322B8E655200BF7220 /* EssentialFeediOSTests */ = {
			isa = PBXGroup;
			children = (
				E8618DA62B9B9CA900C88763 /* FeedUI */,
			);
			path = EssentialFeediOSTests;
			sourceTree = "<group>";
		};
		E8B1E0852B6EC3C00059573E = {
			isa = PBXGroup;
			children = (
				E8ABF03C2B8E65C100BF7220 /* EssentialFeediOS.xctestplan */,
				E8A3A88E2B8E57010080D370 /* EssentialFeedAPIEndToEndTests.xctestplan */,
				E8ABF03F2B8E678E00BF7220 /* CI_iOS.xctestplan */,
				E8ABF0402B8E683900BF7220 /* CI_macOS.xctestplan */,
				E8890B302B74CA2F00637D1A /* EssentialFeed.xctestplan */,
				E83E41552B87941500B754E2 /* EssentialFeedCacheIntegrationTests.xctestplan */,
				E8B1E0912B6EC3C00059573E /* EssentialFeed */,
				E8B1E09B2B6EC3C00059573E /* EssentialFeedTests */,
				E8890B362B74CD8A00637D1A /* EssentialFeedAPIEndToEndTests */,
				E83E414C2B8793B100B754E2 /* EssentialFeedCacheIntegrationTests */,
				E8ABF0282B8E655100BF7220 /* EssentialFeediOS */,
				E8ABF0322B8E655200BF7220 /* EssentialFeediOSTests */,
				E8B1E0902B6EC3C00059573E /* Products */,
				E87A6D752B932178002A461F /* Frameworks */,
			);
			sourceTree = "<group>";
		};
		E8B1E0902B6EC3C00059573E /* Products */ = {
			isa = PBXGroup;
			children = (
				E8B1E08F2B6EC3C00059573E /* EssentialFeed.framework */,
				E8B1E0972B6EC3C00059573E /* EssentialFeedTests.xctest */,
				E8890B352B74CD8A00637D1A /* EssentialFeedAPIEndToEndTests.xctest */,
				E83E414B2B8793B100B754E2 /* EssentialFeedCacheIntegrationTests.xctest */,
				E8ABF0272B8E655100BF7220 /* EssentialFeediOS.framework */,
				E8ABF02E2B8E655100BF7220 /* EssentialFeediOSTests.xctest */,
			);
			name = Products;
			sourceTree = "<group>";
		};
		E8B1E0912B6EC3C00059573E /* EssentialFeed */ = {
			isa = PBXGroup;
			children = (
				E873157B2B7773B500812006 /* FeedCache */,
				E832B02D2B6F8DC000329DD5 /* FeedAPI */,
				E8B1E0A72B6EC40F0059573E /* FeedFeature */,
			);
			path = EssentialFeed;
			sourceTree = "<group>";
		};
		E8B1E09B2B6EC3C00059573E /* EssentialFeedTests */ = {
			isa = PBXGroup;
			children = (
				E896BB122B73D2FC00197288 /* Helpers */,
				E884EFF62B76618A00B95472 /* FeedCache */,
				E87BB5C02B716EED00AE86B8 /* FeedAPI */,
			);
			path = EssentialFeedTests;
			sourceTree = "<group>";
		};
		E8B1E0A72B6EC40F0059573E /* FeedFeature */ = {
			isa = PBXGroup;
			children = (
				E8B1E0A82B6EC4290059573E /* FeedImage.swift */,
				E8B1E0AA2B6EC42F0059573E /* FeedLoader.swift */,
			);
			path = FeedFeature;
			sourceTree = "<group>";
		};
		E8B734522B83E9E90073880E /* FeedStoreSpecs */ = {
			isa = PBXGroup;
			children = (
				E8B734462B83DDCC0073880E /* FeedStoreSpecs.swift */,
				E8B7344A2B83DF090073880E /* XCTestCase+FeedStoreSpecs.swift */,
				E8B7344C2B83E6D50073880E /* XCTestCase+FailableRetrieveFeedStoreSpecs.swift */,
				E8B7344E2B83E8070073880E /* XCTestCase+FailableInsertFeedStoreSpecs.swift */,
				E8B734502B83E8E50073880E /* XCTestCase+FailableDeleteFeedStoreSpecs.swift */,
			);
			path = FeedStoreSpecs;
			sourceTree = "<group>";
		};
/* End PBXGroup section */

/* Begin PBXHeadersBuildPhase section */
		E8ABF0222B8E655100BF7220 /* Headers */ = {
			isa = PBXHeadersBuildPhase;
			buildActionMask = 2147483647;
			files = (
			);
			runOnlyForDeploymentPostprocessing = 0;
		};
		E8B1E08A2B6EC3C00059573E /* Headers */ = {
			isa = PBXHeadersBuildPhase;
			buildActionMask = 2147483647;
			files = (
			);
			runOnlyForDeploymentPostprocessing = 0;
		};
/* End PBXHeadersBuildPhase section */

/* Begin PBXNativeTarget section */
		E83E414A2B8793B100B754E2 /* EssentialFeedCacheIntegrationTests */ = {
			isa = PBXNativeTarget;
			buildConfigurationList = E83E41522B8793B100B754E2 /* Build configuration list for PBXNativeTarget "EssentialFeedCacheIntegrationTests" */;
			buildPhases = (
				E83E41472B8793B100B754E2 /* Sources */,
				E83E41482B8793B100B754E2 /* Frameworks */,
				E83E41492B8793B100B754E2 /* Resources */,
			);
			buildRules = (
			);
			dependencies = (
				E83E41512B8793B100B754E2 /* PBXTargetDependency */,
			);
			name = EssentialFeedCacheIntegrationTests;
			productName = EssentialFeedCacheIntegrationTests;
			productReference = E83E414B2B8793B100B754E2 /* EssentialFeedCacheIntegrationTests.xctest */;
			productType = "com.apple.product-type.bundle.unit-test";
		};
		E8890B342B74CD8A00637D1A /* EssentialFeedAPIEndToEndTests */ = {
			isa = PBXNativeTarget;
			buildConfigurationList = E8890B3C2B74CD8A00637D1A /* Build configuration list for PBXNativeTarget "EssentialFeedAPIEndToEndTests" */;
			buildPhases = (
				E8890B312B74CD8A00637D1A /* Sources */,
				E8890B322B74CD8A00637D1A /* Frameworks */,
				E8890B332B74CD8A00637D1A /* Resources */,
			);
			buildRules = (
			);
			dependencies = (
				E8890B3B2B74CD8A00637D1A /* PBXTargetDependency */,
			);
			name = EssentialFeedAPIEndToEndTests;
			productName = EssentialFeedAPIEndToEndTests;
			productReference = E8890B352B74CD8A00637D1A /* EssentialFeedAPIEndToEndTests.xctest */;
			productType = "com.apple.product-type.bundle.unit-test";
		};
		E8ABF0262B8E655100BF7220 /* EssentialFeediOS */ = {
			isa = PBXNativeTarget;
			buildConfigurationList = E8ABF0362B8E655200BF7220 /* Build configuration list for PBXNativeTarget "EssentialFeediOS" */;
			buildPhases = (
				E8ABF0222B8E655100BF7220 /* Headers */,
				E8ABF0232B8E655100BF7220 /* Sources */,
				E8ABF0242B8E655100BF7220 /* Frameworks */,
				E8ABF0252B8E655100BF7220 /* Resources */,
				E87A6D7A2B932178002A461F /* Embed Frameworks */,
			);
			buildRules = (
			);
			dependencies = (
				E87A6D792B932178002A461F /* PBXTargetDependency */,
			);
			name = EssentialFeediOS;
			productName = EssentialFeediOS;
			productReference = E8ABF0272B8E655100BF7220 /* EssentialFeediOS.framework */;
			productType = "com.apple.product-type.framework";
		};
		E8ABF02D2B8E655100BF7220 /* EssentialFeediOSTests */ = {
			isa = PBXNativeTarget;
			buildConfigurationList = E8ABF0392B8E655200BF7220 /* Build configuration list for PBXNativeTarget "EssentialFeediOSTests" */;
			buildPhases = (
				E8ABF02A2B8E655100BF7220 /* Sources */,
				E8ABF02B2B8E655100BF7220 /* Frameworks */,
				E8ABF02C2B8E655100BF7220 /* Resources */,
			);
			buildRules = (
			);
			dependencies = (
				E8ABF0312B8E655200BF7220 /* PBXTargetDependency */,
			);
			name = EssentialFeediOSTests;
			productName = EssentialFeediOSTests;
			productReference = E8ABF02E2B8E655100BF7220 /* EssentialFeediOSTests.xctest */;
			productType = "com.apple.product-type.bundle.unit-test";
		};
		E8B1E08E2B6EC3C00059573E /* EssentialFeed */ = {
			isa = PBXNativeTarget;
			buildConfigurationList = E8B1E0A12B6EC3C00059573E /* Build configuration list for PBXNativeTarget "EssentialFeed" */;
			buildPhases = (
				E8B1E08A2B6EC3C00059573E /* Headers */,
				E8B1E08B2B6EC3C00059573E /* Sources */,
				E8B1E08C2B6EC3C00059573E /* Frameworks */,
				E8B1E08D2B6EC3C00059573E /* Resources */,
			);
			buildRules = (
			);
			dependencies = (
			);
			name = EssentialFeed;
			productName = EssentialFeed;
			productReference = E8B1E08F2B6EC3C00059573E /* EssentialFeed.framework */;
			productType = "com.apple.product-type.framework";
		};
		E8B1E0962B6EC3C00059573E /* EssentialFeedTests */ = {
			isa = PBXNativeTarget;
			buildConfigurationList = E8B1E0A42B6EC3C00059573E /* Build configuration list for PBXNativeTarget "EssentialFeedTests" */;
			buildPhases = (
				E8B1E0932B6EC3C00059573E /* Sources */,
				E8B1E0942B6EC3C00059573E /* Frameworks */,
				E8B1E0952B6EC3C00059573E /* Resources */,
			);
			buildRules = (
			);
			dependencies = (
				E8B1E09A2B6EC3C00059573E /* PBXTargetDependency */,
			);
			name = EssentialFeedTests;
			productName = EssentialFeedTests;
			productReference = E8B1E0972B6EC3C00059573E /* EssentialFeedTests.xctest */;
			productType = "com.apple.product-type.bundle.unit-test";
		};
/* End PBXNativeTarget section */

/* Begin PBXProject section */
		E8B1E0862B6EC3C00059573E /* Project object */ = {
			isa = PBXProject;
			attributes = {
				BuildIndependentTargetsInParallel = 1;
				LastSwiftUpdateCheck = 1520;
				LastUpgradeCheck = 1510;
				TargetAttributes = {
					E83E414A2B8793B100B754E2 = {
						CreatedOnToolsVersion = 15.2;
					};
					E8890B342B74CD8A00637D1A = {
						CreatedOnToolsVersion = 15.1;
					};
					E8ABF0262B8E655100BF7220 = {
						CreatedOnToolsVersion = 15.2;
						LastSwiftMigration = 1520;
					};
					E8ABF02D2B8E655100BF7220 = {
						CreatedOnToolsVersion = 15.2;
					};
					E8B1E08E2B6EC3C00059573E = {
						CreatedOnToolsVersion = 15.1;
						LastSwiftMigration = 1510;
					};
					E8B1E0962B6EC3C00059573E = {
						CreatedOnToolsVersion = 15.1;
					};
				};
			};
			buildConfigurationList = E8B1E0892B6EC3C00059573E /* Build configuration list for PBXProject "EssentialFeed" */;
			compatibilityVersion = "Xcode 14.0";
			developmentRegion = en;
			hasScannedForEncodings = 0;
			knownRegions = (
				en,
				Base,
				"pt-BR",
			);
			mainGroup = E8B1E0852B6EC3C00059573E;
			productRefGroup = E8B1E0902B6EC3C00059573E /* Products */;
			projectDirPath = "";
			projectRoot = "";
			targets = (
				E8B1E08E2B6EC3C00059573E /* EssentialFeed */,
				E8B1E0962B6EC3C00059573E /* EssentialFeedTests */,
				E8890B342B74CD8A00637D1A /* EssentialFeedAPIEndToEndTests */,
				E83E414A2B8793B100B754E2 /* EssentialFeedCacheIntegrationTests */,
				E8ABF0262B8E655100BF7220 /* EssentialFeediOS */,
				E8ABF02D2B8E655100BF7220 /* EssentialFeediOSTests */,
			);
		};
/* End PBXProject section */

/* Begin PBXResourcesBuildPhase section */
		E83E41492B8793B100B754E2 /* Resources */ = {
			isa = PBXResourcesBuildPhase;
			buildActionMask = 2147483647;
			files = (
			);
			runOnlyForDeploymentPostprocessing = 0;
		};
		E8890B332B74CD8A00637D1A /* Resources */ = {
			isa = PBXResourcesBuildPhase;
			buildActionMask = 2147483647;
			files = (
			);
			runOnlyForDeploymentPostprocessing = 0;
		};
		E8ABF0252B8E655100BF7220 /* Resources */ = {
			isa = PBXResourcesBuildPhase;
			buildActionMask = 2147483647;
			files = (
				E8BB85972BA59E7300D95040 /* Feed.storyboard in Resources */,
				E8BB85992BA59F7600D95040 /* Feed.xcassets in Resources */,
				E81939B72BA6FE6900DDE760 /* Feed.strings in Resources */,
			);
			runOnlyForDeploymentPostprocessing = 0;
		};
		E8ABF02C2B8E655100BF7220 /* Resources */ = {
			isa = PBXResourcesBuildPhase;
			buildActionMask = 2147483647;
			files = (
			);
			runOnlyForDeploymentPostprocessing = 0;
		};
		E8B1E08D2B6EC3C00059573E /* Resources */ = {
			isa = PBXResourcesBuildPhase;
			buildActionMask = 2147483647;
			files = (
			);
			runOnlyForDeploymentPostprocessing = 0;
		};
		E8B1E0952B6EC3C00059573E /* Resources */ = {
			isa = PBXResourcesBuildPhase;
			buildActionMask = 2147483647;
			files = (
			);
			runOnlyForDeploymentPostprocessing = 0;
		};
/* End PBXResourcesBuildPhase section */

/* Begin PBXSourcesBuildPhase section */
		E83E41472B8793B100B754E2 /* Sources */ = {
			isa = PBXSourcesBuildPhase;
			buildActionMask = 2147483647;
			files = (
				E8E49B2B2B87B2700001F669 /* SharedTestHelpers.swift in Sources */,
				E8E49B2A2B87B2650001F669 /* FeedCacheTestHelper.swift in Sources */,
				E83E414E2B8793B100B754E2 /* EssentialFeedCacheIntegrationTests.swift in Sources */,
				E8E49B292B87AF6C0001F669 /* XCTestCase+MemoryLeakTracking.swift in Sources */,
			);
			runOnlyForDeploymentPostprocessing = 0;
		};
		E8890B312B74CD8A00637D1A /* Sources */ = {
			isa = PBXSourcesBuildPhase;
			buildActionMask = 2147483647;
			files = (
				E8890B382B74CD8A00637D1A /* EssentialFeedAPIEndToEndTests.swift in Sources */,
				E84335C92B74D4530079DC9C /* XCTestCase+MemoryLeakTracking.swift in Sources */,
			);
			runOnlyForDeploymentPostprocessing = 0;
		};
		E8ABF0232B8E655100BF7220 /* Sources */ = {
			isa = PBXSourcesBuildPhase;
			buildActionMask = 2147483647;
			files = (
				E8DA48372BA230550006CA76 /* FeedPresenter.swift in Sources */,
				E8618D8F2B9B996400C88763 /* FeedImageDataLoader.swift in Sources */,
				E854E9EB2BA4E530008113F9 /* FeedViewModel.swift in Sources */,
				E8BB859B2BA5DC4700D95040 /* UITableView+Dequeueing.swift in Sources */,
				E854E9E92BA4E51D008113F9 /* FeedLoadingViewModel.swift in Sources */,
				E89078402B9505C400A3A5AC /* UIView+Shimmering.swift in Sources */,
				E854E9E72BA4D32B008113F9 /* FeedImagePresenter.swift in Sources */,
				E8BB859D2BA5DE7500D95040 /* UIImageView+Animations.swift in Sources */,
				E87A6D7D2B936519002A461F /* FeedViewController.swift in Sources */,
				E890783D2B94C1E000A3A5AC /* FeedImageCell.swift in Sources */,
				E874B8B02B9DAA5800127A39 /* FeedImageViewModel.swift in Sources */,
				E88760FE2B9C766D00491C08 /* FeedUIComposer.swift in Sources */,
				E88760FB2B9C710C00491C08 /* FeedImageCellController.swift in Sources */,
			);
			runOnlyForDeploymentPostprocessing = 0;
		};
		E8ABF02A2B8E655100BF7220 /* Sources */ = {
			isa = PBXSourcesBuildPhase;
			buildActionMask = 2147483647;
			files = (
				E8618D9F2B9B9B2100C88763 /* FeedViewController+TestHelpers.swift in Sources */,
				E89078412B9505C400A3A5AC /* UIView+Shimmering.swift in Sources */,
				E8618DA32B9B9BC000C88763 /* FeedViewControllerTests+LoaderSpy.swift in Sources */,
				E81939B62BA6FB5C00DDE760 /* FeedViewController+Localization.swift in Sources */,
				E8618D9B2B9B9A7900C88763 /* UIControl+TestHelpers.swift in Sources */,
				E8618D972B9B9A1B00C88763 /* UIRefreshControl+TestHelpers.swift in Sources */,
				E8618DA12B9B9B7500C88763 /* FeedImageCell+TestHelpers.swift in Sources */,
				E87A6D742B9316DD002A461F /* FeedUIIntegrationTests.swift in Sources */,
				E87A6D7B2B9322AC002A461F /* XCTestCase+MemoryLeakTracking.swift in Sources */,
				E8618D952B9B99DE00C88763 /* UIImage+TestHelpers.swift in Sources */,
				E8618DA52B9B9C1300C88763 /* FeedViewControllerTests+Assertions.swift in Sources */,
				E8618D992B9B9A5100C88763 /* UIButton+TestHelpers.swift in Sources */,
			);
			runOnlyForDeploymentPostprocessing = 0;
		};
		E8B1E08B2B6EC3C00059573E /* Sources */ = {
			isa = PBXSourcesBuildPhase;
			buildActionMask = 2147483647;
			files = (
				E83E41422B8767ED00B754E2 /* CoreDataHelpers.swift in Sources */,
				E87BB5BF2B71642E00AE86B8 /* FeedItemsMapper.swift in Sources */,
				E8B1E0AB2B6EC42F0059573E /* FeedLoader.swift in Sources */,
				E87315812B77909000812006 /* RemoteFeedItem.swift in Sources */,
				E8335B482B793FE300E1406E /* FeedCachePolicy.swift in Sources */,
				E832B02F2B6F8DDC00329DD5 /* RemoteFeedLoader.swift in Sources */,
				E8B3664E2B867A1100E2D7A2 /* FeedStore.xcdatamodeld in Sources */,
				E87315832B77909D00812006 /* LocalFeedImage.swift in Sources */,
				E873157F2B7773E900812006 /* FeedStore.swift in Sources */,
				E873157D2B7773CF00812006 /* LocalFeedLoader.swift in Sources */,
				E87BB5BD2B71633800AE86B8 /* HTTPClient.swift in Sources */,
				E8B1E0A92B6EC4290059573E /* FeedImage.swift in Sources */,
				E83E41442B87685100B754E2 /* ManagedCache.swift in Sources */,
				E896BB162B73E90000197288 /* URLSessionHTTPClient.swift in Sources */,
				E84F579A2B8538CA0075D163 /* CoreDataFeedStore.swift in Sources */,
				E83E41462B87685600B754E2 /* ManagedFeedImage.swift in Sources */,
			);
			runOnlyForDeploymentPostprocessing = 0;
		};
		E8B1E0932B6EC3C00059573E /* Sources */ = {
			isa = PBXSourcesBuildPhase;
			buildActionMask = 2147483647;
			files = (
				E8335B3A2B78E48A00E1406E /* ValidateFeedCacheUseCaseTests.swift in Sources */,
				E8B1E0AD2B6EC52E0059573E /* LoadFeedFromRemoteUseCaseTests.swift in Sources */,
				E896BB142B73D31300197288 /* XCTestCase+MemoryLeakTracking.swift in Sources */,
				E8B7344F2B83E8070073880E /* XCTestCase+FailableInsertFeedStoreSpecs.swift in Sources */,
				E87315882B77CE4100812006 /* FeedStoreSpy.swift in Sources */,
				E8335B3C2B78EA6C00E1406E /* FeedCacheTestHelper.swift in Sources */,
				E8335B3E2B78EB4400E1406E /* SharedTestHelpers.swift in Sources */,
				E8B7344D2B83E6D50073880E /* XCTestCase+FailableRetrieveFeedStoreSpecs.swift in Sources */,
				E8B734512B83E8E50073880E /* XCTestCase+FailableDeleteFeedStoreSpecs.swift in Sources */,
				E884EFF82B7661A300B95472 /* CacheFeedUseCaseTests.swift in Sources */,
				E896BB112B73736B00197288 /* URLSessionHTTPClientTests.swift in Sources */,
				E8B734472B83DDCC0073880E /* FeedStoreSpecs.swift in Sources */,
				E87315852B77CC1500812006 /* LoadFeedFromCacheUseCase.swift in Sources */,
				E84F57982B85369B0075D163 /* CoreDataFeedStoreTests.swift in Sources */,
				E8B7344B2B83DF090073880E /* XCTestCase+FeedStoreSpecs.swift in Sources */,
			);
			runOnlyForDeploymentPostprocessing = 0;
		};
/* End PBXSourcesBuildPhase section */

/* Begin PBXTargetDependency section */
		E83E41512B8793B100B754E2 /* PBXTargetDependency */ = {
			isa = PBXTargetDependency;
			target = E8B1E08E2B6EC3C00059573E /* EssentialFeed */;
			targetProxy = E83E41502B8793B100B754E2 /* PBXContainerItemProxy */;
		};
		E87A6D792B932178002A461F /* PBXTargetDependency */ = {
			isa = PBXTargetDependency;
			target = E8B1E08E2B6EC3C00059573E /* EssentialFeed */;
			targetProxy = E87A6D782B932178002A461F /* PBXContainerItemProxy */;
		};
		E8890B3B2B74CD8A00637D1A /* PBXTargetDependency */ = {
			isa = PBXTargetDependency;
			target = E8B1E08E2B6EC3C00059573E /* EssentialFeed */;
			targetProxy = E8890B3A2B74CD8A00637D1A /* PBXContainerItemProxy */;
		};
		E8ABF0312B8E655200BF7220 /* PBXTargetDependency */ = {
			isa = PBXTargetDependency;
			target = E8ABF0262B8E655100BF7220 /* EssentialFeediOS */;
			targetProxy = E8ABF0302B8E655200BF7220 /* PBXContainerItemProxy */;
		};
		E8B1E09A2B6EC3C00059573E /* PBXTargetDependency */ = {
			isa = PBXTargetDependency;
			target = E8B1E08E2B6EC3C00059573E /* EssentialFeed */;
			targetProxy = E8B1E0992B6EC3C00059573E /* PBXContainerItemProxy */;
		};
/* End PBXTargetDependency section */

/* Begin PBXVariantGroup section */
		E81939B92BA6FE6900DDE760 /* Feed.strings */ = {
			isa = PBXVariantGroup;
			children = (
				E81939B82BA6FE6900DDE760 /* en */,
				E81939BA2BA6FEF300DDE760 /* pt-BR */,
			);
			name = Feed.strings;
			sourceTree = "<group>";
		};
/* End PBXVariantGroup section */

/* Begin XCBuildConfiguration section */
		E83E41532B8793B100B754E2 /* Debug */ = {
			isa = XCBuildConfiguration;
			buildSettings = {
				CODE_SIGN_STYLE = Automatic;
				CURRENT_PROJECT_VERSION = 1;
				GENERATE_INFOPLIST_FILE = YES;
				MARKETING_VERSION = 1.0;
				PRODUCT_BUNDLE_IDENTIFIER = de.finnebeling.EssentialFeedCacheIntegrationTests;
				PRODUCT_NAME = "$(TARGET_NAME)";
				SUPPORTED_PLATFORMS = "macosx iphoneos iphonesimulator";
				SWIFT_EMIT_LOC_STRINGS = NO;
				SWIFT_VERSION = 5.0;
			};
			name = Debug;
		};
		E83E41542B8793B100B754E2 /* Release */ = {
			isa = XCBuildConfiguration;
			buildSettings = {
				CODE_SIGN_STYLE = Automatic;
				CURRENT_PROJECT_VERSION = 1;
				GENERATE_INFOPLIST_FILE = YES;
				MARKETING_VERSION = 1.0;
				PRODUCT_BUNDLE_IDENTIFIER = de.finnebeling.EssentialFeedCacheIntegrationTests;
				PRODUCT_NAME = "$(TARGET_NAME)";
				SUPPORTED_PLATFORMS = "macosx iphoneos iphonesimulator";
				SWIFT_EMIT_LOC_STRINGS = NO;
				SWIFT_VERSION = 5.0;
			};
			name = Release;
		};
		E8890B3D2B74CD8A00637D1A /* Debug */ = {
			isa = XCBuildConfiguration;
			buildSettings = {
				ALLOW_TARGET_PLATFORM_SPECIALIZATION = YES;
				CODE_SIGN_STYLE = Automatic;
				CURRENT_PROJECT_VERSION = 1;
				DEVELOPMENT_TEAM = K2H77582Z5;
				GENERATE_INFOPLIST_FILE = YES;
				MARKETING_VERSION = 1.0;
				PRODUCT_BUNDLE_IDENTIFIER = de.finnebeling.EssentialFeedAPIEndToEndTests;
				PRODUCT_NAME = "$(TARGET_NAME)";
				SUPPORTED_PLATFORMS = "macosx iphonesimulator iphoneos";
				SUPPORTS_MACCATALYST = YES;
				SWIFT_EMIT_LOC_STRINGS = NO;
				SWIFT_VERSION = 5.0;
			};
			name = Debug;
		};
		E8890B3E2B74CD8A00637D1A /* Release */ = {
			isa = XCBuildConfiguration;
			buildSettings = {
				ALLOW_TARGET_PLATFORM_SPECIALIZATION = YES;
				CODE_SIGN_STYLE = Automatic;
				CURRENT_PROJECT_VERSION = 1;
				DEVELOPMENT_TEAM = K2H77582Z5;
				GENERATE_INFOPLIST_FILE = YES;
				MARKETING_VERSION = 1.0;
				PRODUCT_BUNDLE_IDENTIFIER = de.finnebeling.EssentialFeedAPIEndToEndTests;
				PRODUCT_NAME = "$(TARGET_NAME)";
				SUPPORTED_PLATFORMS = "macosx iphonesimulator iphoneos";
				SUPPORTS_MACCATALYST = YES;
				SWIFT_EMIT_LOC_STRINGS = NO;
				SWIFT_VERSION = 5.0;
			};
			name = Release;
		};
		E8ABF0372B8E655200BF7220 /* Debug */ = {
			isa = XCBuildConfiguration;
			buildSettings = {
				CLANG_ENABLE_MODULES = YES;
				CODE_SIGN_STYLE = Automatic;
				CURRENT_PROJECT_VERSION = 1;
				DEFINES_MODULE = YES;
				DEVELOPMENT_TEAM = K2H77582Z5;
				DYLIB_COMPATIBILITY_VERSION = 1;
				DYLIB_CURRENT_VERSION = 1;
				DYLIB_INSTALL_NAME_BASE = "@rpath";
				ENABLE_MODULE_VERIFIER = YES;
				GENERATE_INFOPLIST_FILE = YES;
				INFOPLIST_KEY_NSHumanReadableCopyright = "";
				INSTALL_PATH = "$(LOCAL_LIBRARY_DIR)/Frameworks";
				IPHONEOS_DEPLOYMENT_TARGET = 17.2;
				LD_RUNPATH_SEARCH_PATHS = (
					"$(inherited)",
					"@executable_path/Frameworks",
					"@loader_path/Frameworks",
				);
				MARKETING_VERSION = 1.0;
				MODULE_VERIFIER_SUPPORTED_LANGUAGES = "objective-c objective-c++";
				MODULE_VERIFIER_SUPPORTED_LANGUAGE_STANDARDS = "gnu17 gnu++20";
				PRODUCT_BUNDLE_IDENTIFIER = de.finnebeling.EssentialFeed.EssentialFeediOS;
				PRODUCT_NAME = "$(TARGET_NAME:c99extidentifier)";
				SDKROOT = iphoneos;
				SKIP_INSTALL = YES;
				SUPPORTED_PLATFORMS = "iphoneos iphonesimulator";
				SUPPORTS_MACCATALYST = NO;
				SWIFT_EMIT_LOC_STRINGS = YES;
				SWIFT_OPTIMIZATION_LEVEL = "-Onone";
				SWIFT_VERSION = 5.0;
				TARGETED_DEVICE_FAMILY = "1,2";
			};
			name = Debug;
		};
		E8ABF0382B8E655200BF7220 /* Release */ = {
			isa = XCBuildConfiguration;
			buildSettings = {
				CLANG_ENABLE_MODULES = YES;
				CODE_SIGN_STYLE = Automatic;
				CURRENT_PROJECT_VERSION = 1;
				DEFINES_MODULE = YES;
				DEVELOPMENT_TEAM = K2H77582Z5;
				DYLIB_COMPATIBILITY_VERSION = 1;
				DYLIB_CURRENT_VERSION = 1;
				DYLIB_INSTALL_NAME_BASE = "@rpath";
				ENABLE_MODULE_VERIFIER = YES;
				GENERATE_INFOPLIST_FILE = YES;
				INFOPLIST_KEY_NSHumanReadableCopyright = "";
				INSTALL_PATH = "$(LOCAL_LIBRARY_DIR)/Frameworks";
				IPHONEOS_DEPLOYMENT_TARGET = 17.2;
				LD_RUNPATH_SEARCH_PATHS = (
					"$(inherited)",
					"@executable_path/Frameworks",
					"@loader_path/Frameworks",
				);
				MARKETING_VERSION = 1.0;
				MODULE_VERIFIER_SUPPORTED_LANGUAGES = "objective-c objective-c++";
				MODULE_VERIFIER_SUPPORTED_LANGUAGE_STANDARDS = "gnu17 gnu++20";
				PRODUCT_BUNDLE_IDENTIFIER = de.finnebeling.EssentialFeed.EssentialFeediOS;
				PRODUCT_NAME = "$(TARGET_NAME:c99extidentifier)";
				SDKROOT = iphoneos;
				SKIP_INSTALL = YES;
				SUPPORTED_PLATFORMS = "iphoneos iphonesimulator";
				SUPPORTS_MACCATALYST = NO;
				SWIFT_EMIT_LOC_STRINGS = YES;
				SWIFT_VERSION = 5.0;
				TARGETED_DEVICE_FAMILY = "1,2";
				VALIDATE_PRODUCT = YES;
			};
			name = Release;
		};
		E8ABF03A2B8E655200BF7220 /* Debug */ = {
			isa = XCBuildConfiguration;
			buildSettings = {
				ALWAYS_EMBED_SWIFT_STANDARD_LIBRARIES = YES;
				CODE_SIGN_STYLE = Automatic;
				CURRENT_PROJECT_VERSION = 1;
				DEVELOPMENT_TEAM = K2H77582Z5;
				GENERATE_INFOPLIST_FILE = YES;
				IPHONEOS_DEPLOYMENT_TARGET = 17.2;
				MARKETING_VERSION = 1.0;
				PRODUCT_BUNDLE_IDENTIFIER = de.finnebeling.EssentialFeed.EssentialFeediOSTests;
				PRODUCT_NAME = "$(TARGET_NAME)";
				SDKROOT = iphoneos;
				SWIFT_EMIT_LOC_STRINGS = NO;
				SWIFT_VERSION = 5.0;
				TARGETED_DEVICE_FAMILY = "1,2";
			};
			name = Debug;
		};
		E8ABF03B2B8E655200BF7220 /* Release */ = {
			isa = XCBuildConfiguration;
			buildSettings = {
				ALWAYS_EMBED_SWIFT_STANDARD_LIBRARIES = YES;
				CODE_SIGN_STYLE = Automatic;
				CURRENT_PROJECT_VERSION = 1;
				DEVELOPMENT_TEAM = K2H77582Z5;
				GENERATE_INFOPLIST_FILE = YES;
				IPHONEOS_DEPLOYMENT_TARGET = 17.2;
				MARKETING_VERSION = 1.0;
				PRODUCT_BUNDLE_IDENTIFIER = de.finnebeling.EssentialFeed.EssentialFeediOSTests;
				PRODUCT_NAME = "$(TARGET_NAME)";
				SDKROOT = iphoneos;
				SWIFT_EMIT_LOC_STRINGS = NO;
				SWIFT_VERSION = 5.0;
				TARGETED_DEVICE_FAMILY = "1,2";
				VALIDATE_PRODUCT = YES;
			};
			name = Release;
		};
		E8B1E09F2B6EC3C00059573E /* Debug */ = {
			isa = XCBuildConfiguration;
			buildSettings = {
				ALWAYS_SEARCH_USER_PATHS = NO;
				ASSETCATALOG_COMPILER_GENERATE_SWIFT_ASSET_SYMBOL_EXTENSIONS = YES;
				CLANG_ANALYZER_LOCALIZABILITY_NONLOCALIZED = YES;
				CLANG_ANALYZER_NONNULL = YES;
				CLANG_ANALYZER_NUMBER_OBJECT_CONVERSION = YES_AGGRESSIVE;
				CLANG_CXX_LANGUAGE_STANDARD = "gnu++20";
				CLANG_ENABLE_MODULES = YES;
				CLANG_ENABLE_OBJC_ARC = YES;
				CLANG_ENABLE_OBJC_WEAK = YES;
				CLANG_WARN_BLOCK_CAPTURE_AUTORELEASING = YES;
				CLANG_WARN_BOOL_CONVERSION = YES;
				CLANG_WARN_COMMA = YES;
				CLANG_WARN_CONSTANT_CONVERSION = YES;
				CLANG_WARN_DEPRECATED_OBJC_IMPLEMENTATIONS = YES;
				CLANG_WARN_DIRECT_OBJC_ISA_USAGE = YES_ERROR;
				CLANG_WARN_DOCUMENTATION_COMMENTS = YES;
				CLANG_WARN_EMPTY_BODY = YES;
				CLANG_WARN_ENUM_CONVERSION = YES;
				CLANG_WARN_INFINITE_RECURSION = YES;
				CLANG_WARN_INT_CONVERSION = YES;
				CLANG_WARN_NON_LITERAL_NULL_CONVERSION = YES;
				CLANG_WARN_OBJC_IMPLICIT_RETAIN_SELF = YES;
				CLANG_WARN_OBJC_LITERAL_CONVERSION = YES;
				CLANG_WARN_OBJC_ROOT_CLASS = YES_ERROR;
				CLANG_WARN_QUOTED_INCLUDE_IN_FRAMEWORK_HEADER = YES;
				CLANG_WARN_RANGE_LOOP_ANALYSIS = YES;
				CLANG_WARN_STRICT_PROTOTYPES = YES;
				CLANG_WARN_SUSPICIOUS_MOVE = YES;
				CLANG_WARN_UNGUARDED_AVAILABILITY = YES_AGGRESSIVE;
				CLANG_WARN_UNREACHABLE_CODE = YES;
				CLANG_WARN__DUPLICATE_METHOD_MATCH = YES;
				COPY_PHASE_STRIP = NO;
				CURRENT_PROJECT_VERSION = 1;
				DEBUG_INFORMATION_FORMAT = dwarf;
				ENABLE_STRICT_OBJC_MSGSEND = YES;
				ENABLE_TESTABILITY = YES;
				ENABLE_USER_SCRIPT_SANDBOXING = YES;
				GCC_C_LANGUAGE_STANDARD = gnu17;
				GCC_DYNAMIC_NO_PIC = NO;
				GCC_NO_COMMON_BLOCKS = YES;
				GCC_OPTIMIZATION_LEVEL = 0;
				GCC_PREPROCESSOR_DEFINITIONS = (
					"DEBUG=1",
					"$(inherited)",
				);
				GCC_WARN_64_TO_32_BIT_CONVERSION = YES;
				GCC_WARN_ABOUT_RETURN_TYPE = YES_ERROR;
				GCC_WARN_UNDECLARED_SELECTOR = YES;
				GCC_WARN_UNINITIALIZED_AUTOS = YES_AGGRESSIVE;
				GCC_WARN_UNUSED_FUNCTION = YES;
				GCC_WARN_UNUSED_VARIABLE = YES;
				LOCALIZATION_PREFERS_STRING_CATALOGS = YES;
				MACOSX_DEPLOYMENT_TARGET = 14.2;
				MTL_ENABLE_DEBUG_INFO = INCLUDE_SOURCE;
				MTL_FAST_MATH = YES;
				ONLY_ACTIVE_ARCH = YES;
				SDKROOT = macosx;
				SWIFT_ACTIVE_COMPILATION_CONDITIONS = "DEBUG $(inherited)";
				SWIFT_OPTIMIZATION_LEVEL = "-Onone";
				VERSIONING_SYSTEM = "apple-generic";
				VERSION_INFO_PREFIX = "";
			};
			name = Debug;
		};
		E8B1E0A02B6EC3C00059573E /* Release */ = {
			isa = XCBuildConfiguration;
			buildSettings = {
				ALWAYS_SEARCH_USER_PATHS = NO;
				ASSETCATALOG_COMPILER_GENERATE_SWIFT_ASSET_SYMBOL_EXTENSIONS = YES;
				CLANG_ANALYZER_LOCALIZABILITY_NONLOCALIZED = YES;
				CLANG_ANALYZER_NONNULL = YES;
				CLANG_ANALYZER_NUMBER_OBJECT_CONVERSION = YES_AGGRESSIVE;
				CLANG_CXX_LANGUAGE_STANDARD = "gnu++20";
				CLANG_ENABLE_MODULES = YES;
				CLANG_ENABLE_OBJC_ARC = YES;
				CLANG_ENABLE_OBJC_WEAK = YES;
				CLANG_WARN_BLOCK_CAPTURE_AUTORELEASING = YES;
				CLANG_WARN_BOOL_CONVERSION = YES;
				CLANG_WARN_COMMA = YES;
				CLANG_WARN_CONSTANT_CONVERSION = YES;
				CLANG_WARN_DEPRECATED_OBJC_IMPLEMENTATIONS = YES;
				CLANG_WARN_DIRECT_OBJC_ISA_USAGE = YES_ERROR;
				CLANG_WARN_DOCUMENTATION_COMMENTS = YES;
				CLANG_WARN_EMPTY_BODY = YES;
				CLANG_WARN_ENUM_CONVERSION = YES;
				CLANG_WARN_INFINITE_RECURSION = YES;
				CLANG_WARN_INT_CONVERSION = YES;
				CLANG_WARN_NON_LITERAL_NULL_CONVERSION = YES;
				CLANG_WARN_OBJC_IMPLICIT_RETAIN_SELF = YES;
				CLANG_WARN_OBJC_LITERAL_CONVERSION = YES;
				CLANG_WARN_OBJC_ROOT_CLASS = YES_ERROR;
				CLANG_WARN_QUOTED_INCLUDE_IN_FRAMEWORK_HEADER = YES;
				CLANG_WARN_RANGE_LOOP_ANALYSIS = YES;
				CLANG_WARN_STRICT_PROTOTYPES = YES;
				CLANG_WARN_SUSPICIOUS_MOVE = YES;
				CLANG_WARN_UNGUARDED_AVAILABILITY = YES_AGGRESSIVE;
				CLANG_WARN_UNREACHABLE_CODE = YES;
				CLANG_WARN__DUPLICATE_METHOD_MATCH = YES;
				COPY_PHASE_STRIP = NO;
				CURRENT_PROJECT_VERSION = 1;
				DEBUG_INFORMATION_FORMAT = "dwarf-with-dsym";
				ENABLE_NS_ASSERTIONS = NO;
				ENABLE_STRICT_OBJC_MSGSEND = YES;
				ENABLE_USER_SCRIPT_SANDBOXING = YES;
				GCC_C_LANGUAGE_STANDARD = gnu17;
				GCC_NO_COMMON_BLOCKS = YES;
				GCC_WARN_64_TO_32_BIT_CONVERSION = YES;
				GCC_WARN_ABOUT_RETURN_TYPE = YES_ERROR;
				GCC_WARN_UNDECLARED_SELECTOR = YES;
				GCC_WARN_UNINITIALIZED_AUTOS = YES_AGGRESSIVE;
				GCC_WARN_UNUSED_FUNCTION = YES;
				GCC_WARN_UNUSED_VARIABLE = YES;
				LOCALIZATION_PREFERS_STRING_CATALOGS = YES;
				MACOSX_DEPLOYMENT_TARGET = 14.2;
				MTL_ENABLE_DEBUG_INFO = NO;
				MTL_FAST_MATH = YES;
				SDKROOT = macosx;
				SWIFT_COMPILATION_MODE = wholemodule;
				VERSIONING_SYSTEM = "apple-generic";
				VERSION_INFO_PREFIX = "";
			};
			name = Release;
		};
		E8B1E0A22B6EC3C00059573E /* Debug */ = {
			isa = XCBuildConfiguration;
			buildSettings = {
				CLANG_ENABLE_MODULES = YES;
				CODE_SIGN_STYLE = Automatic;
				COMBINE_HIDPI_IMAGES = YES;
				CURRENT_PROJECT_VERSION = 1;
				DEFINES_MODULE = YES;
				DEVELOPMENT_TEAM = K2H77582Z5;
				DYLIB_COMPATIBILITY_VERSION = 1;
				DYLIB_CURRENT_VERSION = 1;
				DYLIB_INSTALL_NAME_BASE = "@rpath";
				ENABLE_MODULE_VERIFIER = YES;
				GENERATE_INFOPLIST_FILE = YES;
				INFOPLIST_KEY_NSHumanReadableCopyright = "";
				INSTALL_PATH = "$(LOCAL_LIBRARY_DIR)/Frameworks";
				LD_RUNPATH_SEARCH_PATHS = (
					"$(inherited)",
					"@executable_path/../Frameworks",
					"@loader_path/Frameworks",
				);
				MARKETING_VERSION = 1.0;
				MODULE_VERIFIER_SUPPORTED_LANGUAGES = "objective-c objective-c++";
				MODULE_VERIFIER_SUPPORTED_LANGUAGE_STANDARDS = "gnu17 gnu++20";
				PRODUCT_BUNDLE_IDENTIFIER = de.finnebeling.EssentialFeed;
				PRODUCT_NAME = "$(TARGET_NAME:c99extidentifier)";
				SKIP_INSTALL = YES;
				SUPPORTED_PLATFORMS = "macosx iphoneos iphonesimulator";
				SWIFT_EMIT_LOC_STRINGS = YES;
				SWIFT_OPTIMIZATION_LEVEL = "-Onone";
				SWIFT_VERSION = 5.0;
			};
			name = Debug;
		};
		E8B1E0A32B6EC3C00059573E /* Release */ = {
			isa = XCBuildConfiguration;
			buildSettings = {
				CLANG_ENABLE_MODULES = YES;
				CODE_SIGN_STYLE = Automatic;
				COMBINE_HIDPI_IMAGES = YES;
				CURRENT_PROJECT_VERSION = 1;
				DEFINES_MODULE = YES;
				DEVELOPMENT_TEAM = K2H77582Z5;
				DYLIB_COMPATIBILITY_VERSION = 1;
				DYLIB_CURRENT_VERSION = 1;
				DYLIB_INSTALL_NAME_BASE = "@rpath";
				ENABLE_MODULE_VERIFIER = YES;
				GENERATE_INFOPLIST_FILE = YES;
				INFOPLIST_KEY_NSHumanReadableCopyright = "";
				INSTALL_PATH = "$(LOCAL_LIBRARY_DIR)/Frameworks";
				LD_RUNPATH_SEARCH_PATHS = (
					"$(inherited)",
					"@executable_path/../Frameworks",
					"@loader_path/Frameworks",
				);
				MARKETING_VERSION = 1.0;
				MODULE_VERIFIER_SUPPORTED_LANGUAGES = "objective-c objective-c++";
				MODULE_VERIFIER_SUPPORTED_LANGUAGE_STANDARDS = "gnu17 gnu++20";
				PRODUCT_BUNDLE_IDENTIFIER = de.finnebeling.EssentialFeed;
				PRODUCT_NAME = "$(TARGET_NAME:c99extidentifier)";
				SKIP_INSTALL = YES;
				SUPPORTED_PLATFORMS = "macosx iphoneos iphonesimulator";
				SWIFT_EMIT_LOC_STRINGS = YES;
				SWIFT_VERSION = 5.0;
			};
			name = Release;
		};
		E8B1E0A52B6EC3C00059573E /* Debug */ = {
			isa = XCBuildConfiguration;
			buildSettings = {
				ALWAYS_EMBED_SWIFT_STANDARD_LIBRARIES = YES;
				CODE_SIGN_STYLE = Automatic;
				CURRENT_PROJECT_VERSION = 1;
				DEVELOPMENT_TEAM = K2H77582Z5;
				GENERATE_INFOPLIST_FILE = YES;
				MARKETING_VERSION = 1.0;
				PRODUCT_BUNDLE_IDENTIFIER = de.finnebeling.EssentialFeedTests;
				PRODUCT_NAME = "$(TARGET_NAME)";
				SUPPORTED_PLATFORMS = "macosx iphonesimulator iphoneos";
				SWIFT_EMIT_LOC_STRINGS = NO;
				SWIFT_VERSION = 5.0;
			};
			name = Debug;
		};
		E8B1E0A62B6EC3C00059573E /* Release */ = {
			isa = XCBuildConfiguration;
			buildSettings = {
				ALWAYS_EMBED_SWIFT_STANDARD_LIBRARIES = YES;
				CODE_SIGN_STYLE = Automatic;
				CURRENT_PROJECT_VERSION = 1;
				DEVELOPMENT_TEAM = K2H77582Z5;
				GENERATE_INFOPLIST_FILE = YES;
				MARKETING_VERSION = 1.0;
				PRODUCT_BUNDLE_IDENTIFIER = de.finnebeling.EssentialFeedTests;
				PRODUCT_NAME = "$(TARGET_NAME)";
				SUPPORTED_PLATFORMS = "macosx iphonesimulator iphoneos";
				SWIFT_EMIT_LOC_STRINGS = NO;
				SWIFT_VERSION = 5.0;
			};
			name = Release;
		};
/* End XCBuildConfiguration section */

/* Begin XCConfigurationList section */
		E83E41522B8793B100B754E2 /* Build configuration list for PBXNativeTarget "EssentialFeedCacheIntegrationTests" */ = {
			isa = XCConfigurationList;
			buildConfigurations = (
				E83E41532B8793B100B754E2 /* Debug */,
				E83E41542B8793B100B754E2 /* Release */,
			);
			defaultConfigurationIsVisible = 0;
			defaultConfigurationName = Release;
		};
		E8890B3C2B74CD8A00637D1A /* Build configuration list for PBXNativeTarget "EssentialFeedAPIEndToEndTests" */ = {
			isa = XCConfigurationList;
			buildConfigurations = (
				E8890B3D2B74CD8A00637D1A /* Debug */,
				E8890B3E2B74CD8A00637D1A /* Release */,
			);
			defaultConfigurationIsVisible = 0;
			defaultConfigurationName = Release;
		};
		E8ABF0362B8E655200BF7220 /* Build configuration list for PBXNativeTarget "EssentialFeediOS" */ = {
			isa = XCConfigurationList;
			buildConfigurations = (
				E8ABF0372B8E655200BF7220 /* Debug */,
				E8ABF0382B8E655200BF7220 /* Release */,
			);
			defaultConfigurationIsVisible = 0;
			defaultConfigurationName = Release;
		};
		E8ABF0392B8E655200BF7220 /* Build configuration list for PBXNativeTarget "EssentialFeediOSTests" */ = {
			isa = XCConfigurationList;
			buildConfigurations = (
				E8ABF03A2B8E655200BF7220 /* Debug */,
				E8ABF03B2B8E655200BF7220 /* Release */,
			);
			defaultConfigurationIsVisible = 0;
			defaultConfigurationName = Release;
		};
		E8B1E0892B6EC3C00059573E /* Build configuration list for PBXProject "EssentialFeed" */ = {
			isa = XCConfigurationList;
			buildConfigurations = (
				E8B1E09F2B6EC3C00059573E /* Debug */,
				E8B1E0A02B6EC3C00059573E /* Release */,
			);
			defaultConfigurationIsVisible = 0;
			defaultConfigurationName = Release;
		};
		E8B1E0A12B6EC3C00059573E /* Build configuration list for PBXNativeTarget "EssentialFeed" */ = {
			isa = XCConfigurationList;
			buildConfigurations = (
				E8B1E0A22B6EC3C00059573E /* Debug */,
				E8B1E0A32B6EC3C00059573E /* Release */,
			);
			defaultConfigurationIsVisible = 0;
			defaultConfigurationName = Release;
		};
		E8B1E0A42B6EC3C00059573E /* Build configuration list for PBXNativeTarget "EssentialFeedTests" */ = {
			isa = XCConfigurationList;
			buildConfigurations = (
				E8B1E0A52B6EC3C00059573E /* Debug */,
				E8B1E0A62B6EC3C00059573E /* Release */,
			);
			defaultConfigurationIsVisible = 0;
			defaultConfigurationName = Release;
		};
/* End XCConfigurationList section */

/* Begin XCVersionGroup section */
		E8B3664C2B867A1100E2D7A2 /* FeedStore.xcdatamodeld */ = {
			isa = XCVersionGroup;
			children = (
				E8B3664D2B867A1100E2D7A2 /* FeedStore.xcdatamodel */,
			);
			currentVersion = E8B3664D2B867A1100E2D7A2 /* FeedStore.xcdatamodel */;
			path = FeedStore.xcdatamodeld;
			sourceTree = "<group>";
			versionGroupType = wrapper.xcdatamodel;
		};
/* End XCVersionGroup section */
	};
	rootObject = E8B1E0862B6EC3C00059573E /* Project object */;
}
